// !$*UTF8*$!
{
	archiveVersion = 1;
	classes = {
	};
	objectVersion = 46;
	objects = {

/* Begin PBXBuildFile section */
		1A4271281D9D14A20097B259 /* AppDelegate.swift in Sources */ = {isa = PBXBuildFile; fileRef = 1A4271271D9D14A20097B259 /* AppDelegate.swift */; };
		1A42712A1D9D14A20097B259 /* ViewController.swift in Sources */ = {isa = PBXBuildFile; fileRef = 1A4271291D9D14A20097B259 /* ViewController.swift */; };
		1A42712D1D9D14A20097B259 /* Main.storyboard in Resources */ = {isa = PBXBuildFile; fileRef = 1A42712B1D9D14A20097B259 /* Main.storyboard */; };
		1A42712F1D9D14A20097B259 /* Assets.xcassets in Resources */ = {isa = PBXBuildFile; fileRef = 1A42712E1D9D14A20097B259 /* Assets.xcassets */; };
		1A4271321D9D14A20097B259 /* LaunchScreen.storyboard in Resources */ = {isa = PBXBuildFile; fileRef = 1A4271301D9D14A20097B259 /* LaunchScreen.storyboard */; };
/* End PBXBuildFile section */

/* Begin PBXFileReference section */
		1A4271241D9D14A20097B259 /* ValueSenderSwift23.app */ = {isa = PBXFileReference; explicitFileType = wrapper.application; includeInIndex = 0; path = ValueSenderSwift23.app; sourceTree = BUILT_PRODUCTS_DIR; };
		1A4271271D9D14A20097B259 /* AppDelegate.swift */ = {isa = PBXFileReference; lastKnownFileType = sourcecode.swift; path = AppDelegate.swift; sourceTree = "<group>"; };
		1A4271291D9D14A20097B259 /* ViewController.swift */ = {isa = PBXFileReference; lastKnownFileType = sourcecode.swift; path = ViewController.swift; sourceTree = "<group>"; };
		1A42712C1D9D14A20097B259 /* Base */ = {isa = PBXFileReference; lastKnownFileType = file.storyboard; name = Base; path = Base.lproj/Main.storyboard; sourceTree = "<group>"; };
		1A42712E1D9D14A20097B259 /* Assets.xcassets */ = {isa = PBXFileReference; lastKnownFileType = folder.assetcatalog; path = Assets.xcassets; sourceTree = "<group>"; };
		1A4271311D9D14A20097B259 /* Base */ = {isa = PBXFileReference; lastKnownFileType = file.storyboard; name = Base; path = Base.lproj/LaunchScreen.storyboard; sourceTree = "<group>"; };
		1A4271331D9D14A20097B259 /* Info.plist */ = {isa = PBXFileReference; lastKnownFileType = text.plist.xml; path = Info.plist; sourceTree = "<group>"; };
/* End PBXFileReference section */

/* Begin PBXFrameworksBuildPhase section */
		1A4271211D9D14A20097B259 /* Frameworks */ = {
			isa = PBXFrameworksBuildPhase;
			buildActionMask = 2147483647;
			files = (
			);
			runOnlyForDeploymentPostprocessing = 0;
		};
/* End PBXFrameworksBuildPhase section */

/* Begin PBXGroup section */
		1A42711B1D9D14A20097B259 = {
			isa = PBXGroup;
			children = (
				1A4271261D9D14A20097B259 /* ValueSenderSwift23 */,
				1A4271251D9D14A20097B259 /* Products */,
			);
			sourceTree = "<group>";
		};
		1A4271251D9D14A20097B259 /* Products */ = {
			isa = PBXGroup;
			children = (
				1A4271241D9D14A20097B259 /* ValueSenderSwift23.app */,
			);
			name = Products;
			sourceTree = "<group>";
		};
		1A4271261D9D14A20097B259 /* ValueSenderSwift23 */ = {
			isa = PBXGroup;
			children = (
				1A4271271D9D14A20097B259 /* AppDelegate.swift */,
				1A4271291D9D14A20097B259 /* ViewController.swift */,
				1A42712B1D9D14A20097B259 /* Main.storyboard */,
				1A42712E1D9D14A20097B259 /* Assets.xcassets */,
				1A4271301D9D14A20097B259 /* LaunchScreen.storyboard */,
				1A4271331D9D14A20097B259 /* Info.plist */,
			);
			path = ValueSenderSwift23;
			sourceTree = "<group>";
		};
/* End PBXGroup section */

/* Begin PBXNativeTarget section */
		1A4271231D9D14A20097B259 /* ValueSenderSwift23 */ = {
			isa = PBXNativeTarget;
			buildConfigurationList = 1A4271361D9D14A20097B259 /* Build configuration list for PBXNativeTarget "ValueSenderSwift23" */;
			buildPhases = (
				1A4271201D9D14A20097B259 /* Sources */,
				1A4271211D9D14A20097B259 /* Frameworks */,
				1A4271221D9D14A20097B259 /* Resources */,
			);
			buildRules = (
			);
			dependencies = (
			);
			name = ValueSenderSwift23;
			productName = ValueSenderSwift23;
			productReference = 1A4271241D9D14A20097B259 /* ValueSenderSwift23.app */;
			productType = "com.apple.product-type.application";
		};
/* End PBXNativeTarget section */

/* Begin PBXProject section */
		1A42711C1D9D14A20097B259 /* Project object */ = {
			isa = PBXProject;
			attributes = {
				LastSwiftUpdateCheck = 0800;
				LastUpgradeCheck = 0800;
				ORGANIZATIONNAME = "Keun young Kim";
				TargetAttributes = {
					1A4271231D9D14A20097B259 = {
						CreatedOnToolsVersion = 8.0;
						DevelopmentTeam = 6GG6YUX8VB;
						ProvisioningStyle = Automatic;
					};
				};
			};
			buildConfigurationList = 1A42711F1D9D14A20097B259 /* Build configuration list for PBXProject "ValueSenderSwift23" */;
			compatibilityVersion = "Xcode 3.2";
			developmentRegion = English;
			hasScannedForEncodings = 0;
			knownRegions = (
				en,
				Base,
			);
			mainGroup = 1A42711B1D9D14A20097B259;
			productRefGroup = 1A4271251D9D14A20097B259 /* Products */;
			projectDirPath = "";
			projectRoot = "";
			targets = (
				1A4271231D9D14A20097B259 /* ValueSenderSwift23 */,
			);
		};
/* End PBXProject section */

/* Begin PBXResourcesBuildPhase section */
		1A4271221D9D14A20097B259 /* Resources */ = {
			isa = PBXResourcesBuildPhase;
			buildActionMask = 2147483647;
			files = (
				1A4271321D9D14A20097B259 /* LaunchScreen.storyboard in Resources */,
				1A42712F1D9D14A20097B259 /* Assets.xcassets in Resources */,
				1A42712D1D9D14A20097B259 /* Main.storyboard in Resources */,
			);
			runOnlyForDeploymentPostprocessing = 0;
		};
/* End PBXResourcesBuildPhase section */

/* Begin PBXSourcesBuildPhase section */
		1A4271201D9D14A20097B259 /* Sources */ = {
			isa = PBXSourcesBuildPhase;
			buildActionMask = 2147483647;
			files = (
				1A42712A1D9D14A20097B259 /* ViewController.swift in Sources */,
				1A4271281D9D14A20097B259 /* AppDelegate.swift in Sources */,
			);
			runOnlyForDeploymentPostprocessing = 0;
		};
/* End PBXSourcesBuildPhase section */

/* Begin PBXVariantGroup section */
		1A42712B1D9D14A20097B259 /* Main.storyboard */ = {
			isa = PBXVariantGroup;
			children = (
				1A42712C1D9D14A20097B259 /* Base */,
			);
			name = Main.storyboard;
			sourceTree = "<group>";
		};
		1A4271301D9D14A20097B259 /* LaunchScreen.storyboard */ = {
			isa = PBXVariantGroup;
			children = (
				1A4271311D9D14A20097B259 /* Base */,
			);
			name = LaunchScreen.storyboard;
			sourceTree = "<group>";
		};
/* End PBXVariantGroup section */

/* Begin XCBuildConfiguration section */
		1A4271341D9D14A20097B259 /* Debug */ = {
			isa = XCBuildConfiguration;
			buildSettings = {
				ALWAYS_SEARCH_USER_PATHS = NO;
				CLANG_ANALYZER_NONNULL = YES;
				CLANG_CXX_LANGUAGE_STANDARD = "gnu++0x";
				CLANG_CXX_LIBRARY = "libc++";
				CLANG_ENABLE_MODULES = YES;
				CLANG_ENABLE_OBJC_ARC = YES;
				CLANG_WARN_BOOL_CONVERSION = YES;
				CLANG_WARN_CONSTANT_CONVERSION = YES;
				CLANG_WARN_DIRECT_OBJC_ISA_USAGE = YES_ERROR;
				CLANG_WARN_DOCUMENTATION_COMMENTS = YES;
				CLANG_WARN_EMPTY_BODY = YES;
				CLANG_WARN_ENUM_CONVERSION = YES;
				CLANG_WARN_INFINITE_RECURSION = YES;
				CLANG_WARN_INT_CONVERSION = YES;
				CLANG_WARN_OBJC_ROOT_CLASS = YES_ERROR;
				CLANG_WARN_SUSPICIOUS_MOVES = YES;
				CLANG_WARN_UNREACHABLE_CODE = YES;
				CLANG_WARN__DUPLICATE_METHOD_MATCH = YES;
				"CODE_SIGN_IDENTITY[sdk=iphoneos*]" = "iPhone Developer";
				COPY_PHASE_STRIP = NO;
				DEBUG_INFORMATION_FORMAT = dwarf;
				ENABLE_STRICT_OBJC_MSGSEND = YES;
				ENABLE_TESTABILITY = YES;
				GCC_C_LANGUAGE_STANDARD = gnu99;
				GCC_DYNAMIC_NO_PIC = NO;
				GCC_NO_COMMON_BLOCKS = YES;
				GCC_OPTIMIZATION_LEVEL = 0;
				GCC_PREPROCESSOR_DEFINITIONS = (
					"DEBUG=1",
					"$(inherited)",
				);
				GCC_WARN_64_TO_32_BIT_CONVERSION = YES;
				GCC_WARN_ABOUT_RETURN_TYPE = YES_ERROR;
				GCC_WARN_UNDECLARED_SELECTOR = YES;
				GCC_WARN_UNINITIALIZED_AUTOS = YES_AGGRESSIVE;
				GCC_WARN_UNUSED_FUNCTION = YES;
				GCC_WARN_UNUSED_VARIABLE = YES;
				IPHONEOS_DEPLOYMENT_TARGET = 10.0;
				MTL_ENABLE_DEBUG_INFO = YES;
				ONLY_ACTIVE_ARCH = YES;
				SDKROOT = iphoneos;
				SWIFT_ACTIVE_COMPILATION_CONDITIONS = DEBUG;
				SWIFT_OPTIMIZATION_LEVEL = "-Onone";
				TARGETED_DEVICE_FAMILY = "1,2";
			};
			name = Debug;
		};
		1A4271351D9D14A20097B259 /* Release */ = {
			isa = XCBuildConfiguration;
			buildSettings = {
				ALWAYS_SEARCH_USER_PATHS = NO;
				CLANG_ANALYZER_NONNULL = YES;
				CLANG_CXX_LANGUAGE_STANDARD = "gnu++0x";
				CLANG_CXX_LIBRARY = "libc++";
				CLANG_ENABLE_MODULES = YES;
				CLANG_ENABLE_OBJC_ARC = YES;
				CLANG_WARN_BOOL_CONVERSION = YES;
				CLANG_WARN_CONSTANT_CONVERSION = YES;
				CLANG_WARN_DIRECT_OBJC_ISA_USAGE = YES_ERROR;
				CLANG_WARN_DOCUMENTATION_COMMENTS = YES;
				CLANG_WARN_EMPTY_BODY = YES;
				CLANG_WARN_ENUM_CONVERSION = YES;
				CLANG_WARN_INFINITE_RECURSION = YES;
				CLANG_WARN_INT_CONVERSION = YES;
				CLANG_WARN_OBJC_ROOT_CLASS = YES_ERROR;
				CLANG_WARN_SUSPICIOUS_MOVES = YES;
				CLANG_WARN_UNREACHABLE_CODE = YES;
				CLANG_WARN__DUPLICATE_METHOD_MATCH = YES;
				"CODE_SIGN_IDENTITY[sdk=iphoneos*]" = "iPhone Developer";
				COPY_PHASE_STRIP = NO;
				DEBUG_INFORMATION_FORMAT = "dwarf-with-dsym";
				ENABLE_NS_ASSERTIONS = NO;
				ENABLE_STRICT_OBJC_MSGSEND = YES;
				GCC_C_LANGUAGE_STANDARD = gnu99;
				GCC_NO_COMMON_BLOCKS = YES;
				GCC_WARN_64_TO_32_BIT_CONVERSION = YES;
				GCC_WARN_ABOUT_RETURN_TYPE = YES_ERROR;
				GCC_WARN_UNDECLARED_SELECTOR = YES;
				GCC_WARN_UNINITIALIZED_AUTOS = YES_AGGRESSIVE;
				GCC_WARN_UNUSED_FUNCTION = YES;
				GCC_WARN_UNUSED_VARIABLE = YES;
				IPHONEOS_DEPLOYMENT_TARGET = 10.0;
				MTL_ENABLE_DEBUG_INFO = NO;
				SDKROOT = iphoneos;
				SWIFT_OPTIMIZATION_LEVEL = "-Owholemodule";
				TARGETED_DEVICE_FAMILY = "1,2";
				VALIDATE_PRODUCT = YES;
			};
			name = Release;
		};
		1A4271371D9D14A20097B259 /* Debug */ = {
			isa = XCBuildConfiguration;
			buildSettings = {
				ASSETCATALOG_COMPILER_APPICON_NAME = AppIcon;
				DEVELOPMENT_TEAM = 6GG6YUX8VB;
				INFOPLIST_FILE = ValueSenderSwift23/Info.plist;
				LD_RUNPATH_SEARCH_PATHS = "$(inherited) @executable_path/Frameworks";
				PRODUCT_BUNDLE_IDENTIFIER = com.meetkei.ValueSenderSwift23;
				PRODUCT_NAME = "$(TARGET_NAME)";
				SWIFT_VERSION = 2.3;
			};
			name = Debug;
		};
		1A4271381D9D14A20097B259 /* Release */ = {
			isa = XCBuildConfiguration;
			buildSettings = {
				ASSETCATALOG_COMPILER_APPICON_NAME = AppIcon;
				DEVELOPMENT_TEAM = 6GG6YUX8VB;
				INFOPLIST_FILE = ValueSenderSwift23/Info.plist;
				LD_RUNPATH_SEARCH_PATHS = "$(inherited) @executable_path/Frameworks";
				PRODUCT_BUNDLE_IDENTIFIER = com.meetkei.ValueSenderSwift23;
				PRODUCT_NAME = "$(TARGET_NAME)";
				SWIFT_VERSION = 2.3;
			};
			name = Release;
		};
/* End XCBuildConfiguration section */

/* Begin XCConfigurationList section */
		1A42711F1D9D14A20097B259 /* Build configuration list for PBXProject "ValueSenderSwift23" */ = {
			isa = XCConfigurationList;
			buildConfigurations = (
				1A4271341D9D14A20097B259 /* Debug */,
				1A4271351D9D14A20097B259 /* Release */,
			);
			defaultConfigurationIsVisible = 0;
			defaultConfigurationName = Release;
		};
		1A4271361D9D14A20097B259 /* Build configuration list for PBXNativeTarget "ValueSenderSwift23" */ = {
			isa = XCConfigurationList;
			buildConfigurations = (
				1A4271371D9D14A20097B259 /* Debug */,
				1A4271381D9D14A20097B259 /* Release */,
			);
			defaultConfigurationIsVisible = 0;
			defaultConfigurationName = Release;
		};
/* End XCConfigurationList section */
	};
	rootObject = 1A42711C1D9D14A20097B259 /* Project object */;
}
