// !$*UTF8*$!
{
	archiveVersion = 1;
	classes = {
	};
	objectVersion = 46;
	objects = {

/* Begin PBXBuildFile section */
		1ADFF7D51A79E9030073F262 /* main.m in Sources */ = {isa = PBXBuildFile; fileRef = 1ADFF7D41A79E9030073F262 /* main.m */; };
		1ADFF7D81A79E9030073F262 /* AppDelegate.m in Sources */ = {isa = PBXBuildFile; fileRef = 1ADFF7D71A79E9030073F262 /* AppDelegate.m */; };
		1ADFF7DB1A79E9030073F262 /* ViewController.m in Sources */ = {isa = PBXBuildFile; fileRef = 1ADFF7DA1A79E9030073F262 /* ViewController.m */; };
		1ADFF7DE1A79E9030073F262 /* Main.storyboard in Resources */ = {isa = PBXBuildFile; fileRef = 1ADFF7DC1A79E9030073F262 /* Main.storyboard */; };
		1ADFF7E01A79E9030073F262 /* Images.xcassets in Resources */ = {isa = PBXBuildFile; fileRef = 1ADFF7DF1A79E9030073F262 /* Images.xcassets */; };
		1ADFF7E31A79E9030073F262 /* LaunchScreen.xib in Resources */ = {isa = PBXBuildFile; fileRef = 1ADFF7E11A79E9030073F262 /* LaunchScreen.xib */; };
/* End PBXBuildFile section */

/* Begin PBXFileReference section */
		1ADFF7CF1A79E9030073F262 /* AutoLayoutWithObjC.app */ = {isa = PBXFileReference; explicitFileType = wrapper.application; includeInIndex = 0; path = AutoLayoutWithObjC.app; sourceTree = BUILT_PRODUCTS_DIR; };
		1ADFF7D31A79E9030073F262 /* Info.plist */ = {isa = PBXFileReference; lastKnownFileType = text.plist.xml; path = Info.plist; sourceTree = "<group>"; };
		1ADFF7D41A79E9030073F262 /* main.m */ = {isa = PBXFileReference; lastKnownFileType = sourcecode.c.objc; path = main.m; sourceTree = "<group>"; };
		1ADFF7D61A79E9030073F262 /* AppDelegate.h */ = {isa = PBXFileReference; lastKnownFileType = sourcecode.c.h; path = AppDelegate.h; sourceTree = "<group>"; };
		1ADFF7D71A79E9030073F262 /* AppDelegate.m */ = {isa = PBXFileReference; lastKnownFileType = sourcecode.c.objc; path = AppDelegate.m; sourceTree = "<group>"; };
		1ADFF7D91A79E9030073F262 /* ViewController.h */ = {isa = PBXFileReference; lastKnownFileType = sourcecode.c.h; path = ViewController.h; sourceTree = "<group>"; };
		1ADFF7DA1A79E9030073F262 /* ViewController.m */ = {isa = PBXFileReference; lastKnownFileType = sourcecode.c.objc; path = ViewController.m; sourceTree = "<group>"; };
		1ADFF7DD1A79E9030073F262 /* Base */ = {isa = PBXFileReference; lastKnownFileType = file.storyboard; name = Base; path = Base.lproj/Main.storyboard; sourceTree = "<group>"; };
		1ADFF7DF1A79E9030073F262 /* Images.xcassets */ = {isa = PBXFileReference; lastKnownFileType = folder.assetcatalog; path = Images.xcassets; sourceTree = "<group>"; };
		1ADFF7E21A79E9030073F262 /* Base */ = {isa = PBXFileReference; lastKnownFileType = file.xib; name = Base; path = Base.lproj/LaunchScreen.xib; sourceTree = "<group>"; };
/* End PBXFileReference section */

/* Begin PBXFrameworksBuildPhase section */
		1ADFF7CC1A79E9030073F262 /* Frameworks */ = {
			isa = PBXFrameworksBuildPhase;
			buildActionMask = 2147483647;
			files = (
			);
			runOnlyForDeploymentPostprocessing = 0;
		};
/* End PBXFrameworksBuildPhase section */

/* Begin PBXGroup section */
		1ADFF7C61A79E9030073F262 = {
			isa = PBXGroup;
			children = (
				1ADFF7D11A79E9030073F262 /* AutoLayoutWithObjCCode */,
				1ADFF7D01A79E9030073F262 /* Products */,
			);
			sourceTree = "<group>";
		};
		1ADFF7D01A79E9030073F262 /* Products */ = {
			isa = PBXGroup;
			children = (
				1ADFF7CF1A79E9030073F262 /* AutoLayoutWithObjC.app */,
			);
			name = Products;
			sourceTree = "<group>";
		};
		1ADFF7D11A79E9030073F262 /* AutoLayoutWithObjCCode */ = {
			isa = PBXGroup;
			children = (
				1ADFF7D61A79E9030073F262 /* AppDelegate.h */,
				1ADFF7D71A79E9030073F262 /* AppDelegate.m */,
				1ADFF7D91A79E9030073F262 /* ViewController.h */,
				1ADFF7DA1A79E9030073F262 /* ViewController.m */,
				1ADFF7DC1A79E9030073F262 /* Main.storyboard */,
				1ADFF7DF1A79E9030073F262 /* Images.xcassets */,
				1ADFF7E11A79E9030073F262 /* LaunchScreen.xib */,
				1ADFF7D21A79E9030073F262 /* Supporting Files */,
			);
			path = AutoLayoutWithObjCCode;
			sourceTree = "<group>";
		};
		1ADFF7D21A79E9030073F262 /* Supporting Files */ = {
			isa = PBXGroup;
			children = (
				1ADFF7D31A79E9030073F262 /* Info.plist */,
				1ADFF7D41A79E9030073F262 /* main.m */,
			);
			name = "Supporting Files";
			sourceTree = "<group>";
		};
/* End PBXGroup section */

/* Begin PBXNativeTarget section */
		1ADFF7CE1A79E9030073F262 /* AutoLayoutWithObjC */ = {
			isa = PBXNativeTarget;
			buildConfigurationList = 1ADFF7F21A79E9030073F262 /* Build configuration list for PBXNativeTarget "AutoLayoutWithObjC" */;
			buildPhases = (
				1ADFF7CB1A79E9030073F262 /* Sources */,
				1ADFF7CC1A79E9030073F262 /* Frameworks */,
				1ADFF7CD1A79E9030073F262 /* Resources */,
			);
			buildRules = (
			);
			dependencies = (
			);
			name = AutoLayoutWithObjC;
			productName = AutoLayoutWithObjCCode;
			productReference = 1ADFF7CF1A79E9030073F262 /* AutoLayoutWithObjC.app */;
			productType = "com.apple.product-type.application";
		};
/* End PBXNativeTarget section */

/* Begin PBXProject section */
		1ADFF7C71A79E9030073F262 /* Project object */ = {
			isa = PBXProject;
			attributes = {
				LastUpgradeCheck = 0610;
				ORGANIZATIONNAME = "Keun young Kim";
				TargetAttributes = {
					1ADFF7CE1A79E9030073F262 = {
						CreatedOnToolsVersion = 6.1.1;
						ProvisioningStyle = Manual;
					};
				};
			};
			buildConfigurationList = 1ADFF7CA1A79E9030073F262 /* Build configuration list for PBXProject "AutoLayoutWithObjC" */;
			compatibilityVersion = "Xcode 3.2";
			developmentRegion = English;
			hasScannedForEncodings = 0;
			knownRegions = (
				en,
				Base,
			);
			mainGroup = 1ADFF7C61A79E9030073F262;
			productRefGroup = 1ADFF7D01A79E9030073F262 /* Products */;
			projectDirPath = "";
			projectRoot = "";
			targets = (
				1ADFF7CE1A79E9030073F262 /* AutoLayoutWithObjC */,
			);
		};
/* End PBXProject section */

/* Begin PBXResourcesBuildPhase section */
		1ADFF7CD1A79E9030073F262 /* Resources */ = {
			isa = PBXResourcesBuildPhase;
			buildActionMask = 2147483647;
			files = (
				1ADFF7DE1A79E9030073F262 /* Main.storyboard in Resources */,
				1ADFF7E31A79E9030073F262 /* LaunchScreen.xib in Resources */,
				1ADFF7E01A79E9030073F262 /* Images.xcassets in Resources */,
			);
			runOnlyForDeploymentPostprocessing = 0;
		};
/* End PBXResourcesBuildPhase section */

/* Begin PBXSourcesBuildPhase section */
		1ADFF7CB1A79E9030073F262 /* Sources */ = {
			isa = PBXSourcesBuildPhase;
			buildActionMask = 2147483647;
			files = (
				1ADFF7DB1A79E9030073F262 /* ViewController.m in Sources */,
				1ADFF7D81A79E9030073F262 /* AppDelegate.m in Sources */,
				1ADFF7D51A79E9030073F262 /* main.m in Sources */,
			);
			runOnlyForDeploymentPostprocessing = 0;
		};
/* End PBXSourcesBuildPhase section */

/* Begin PBXVariantGroup section */
		1ADFF7DC1A79E9030073F262 /* Main.storyboard */ = {
			isa = PBXVariantGroup;
			children = (
				1ADFF7DD1A79E9030073F262 /* Base */,
			);
			name = Main.storyboard;
			sourceTree = "<group>";
		};
		1ADFF7E11A79E9030073F262 /* LaunchScreen.xib */ = {
			isa = PBXVariantGroup;
			children = (
				1ADFF7E21A79E9030073F262 /* Base */,
			);
			name = LaunchScreen.xib;
			sourceTree = "<group>";
		};
/* End PBXVariantGroup section */

/* Begin XCBuildConfiguration section */
		1ADFF7F01A79E9030073F262 /* Debug */ = {
			isa = XCBuildConfiguration;
			buildSettings = {
				ALWAYS_SEARCH_USER_PATHS = NO;
				CLANG_CXX_LANGUAGE_STANDARD = "gnu++0x";
				CLANG_CXX_LIBRARY = "libc++";
				CLANG_ENABLE_MODULES = YES;
				CLANG_ENABLE_OBJC_ARC = YES;
				CLANG_WARN_BOOL_CONVERSION = YES;
				CLANG_WARN_CONSTANT_CONVERSION = YES;
				CLANG_WARN_DIRECT_OBJC_ISA_USAGE = YES_ERROR;
				CLANG_WARN_EMPTY_BODY = YES;
				CLANG_WARN_ENUM_CONVERSION = YES;
				CLANG_WARN_INT_CONVERSION = YES;
				CLANG_WARN_OBJC_ROOT_CLASS = YES_ERROR;
				CLANG_WARN_UNREACHABLE_CODE = YES;
				CLANG_WARN__DUPLICATE_METHOD_MATCH = YES;
				"CODE_SIGN_IDENTITY[sdk=iphoneos*]" = "iPhone Developer";
				COPY_PHASE_STRIP = NO;
				ENABLE_STRICT_OBJC_MSGSEND = YES;
				GCC_C_LANGUAGE_STANDARD = gnu99;
				GCC_DYNAMIC_NO_PIC = NO;
				GCC_OPTIMIZATION_LEVEL = 0;
				GCC_PREPROCESSOR_DEFINITIONS = (
					"DEBUG=1",
					"$(inherited)",
				);
				GCC_SYMBOLS_PRIVATE_EXTERN = NO;
				GCC_WARN_64_TO_32_BIT_CONVERSION = YES;
				GCC_WARN_ABOUT_RETURN_TYPE = YES_ERROR;
				GCC_WARN_UNDECLARED_SELECTOR = YES;
				GCC_WARN_UNINITIALIZED_AUTOS = YES_AGGRESSIVE;
				GCC_WARN_UNUSED_FUNCTION = YES;
				GCC_WARN_UNUSED_VARIABLE = YES;
				IPHONEOS_DEPLOYMENT_TARGET = 8.1;
				MTL_ENABLE_DEBUG_INFO = YES;
				ONLY_ACTIVE_ARCH = YES;
				SDKROOT = iphoneos;
				TARGETED_DEVICE_FAMILY = "1,2";
			};
			name = Debug;
		};
		1ADFF7F11A79E9030073F262 /* Release */ = {
			isa = XCBuildConfiguration;
			buildSettings = {
				ALWAYS_SEARCH_USER_PATHS = NO;
				CLANG_CXX_LANGUAGE_STANDARD = "gnu++0x";
				CLANG_CXX_LIBRARY = "libc++";
				CLANG_ENABLE_MODULES = YES;
				CLANG_ENABLE_OBJC_ARC = YES;
				CLANG_WARN_BOOL_CONVERSION = YES;
				CLANG_WARN_CONSTANT_CONVERSION = YES;
				CLANG_WARN_DIRECT_OBJC_ISA_USAGE = YES_ERROR;
				CLANG_WARN_EMPTY_BODY = YES;
				CLANG_WARN_ENUM_CONVERSION = YES;
				CLANG_WARN_INT_CONVERSION = YES;
				CLANG_WARN_OBJC_ROOT_CLASS = YES_ERROR;
				CLANG_WARN_UNREACHABLE_CODE = YES;
				CLANG_WARN__DUPLICATE_METHOD_MATCH = YES;
				"CODE_SIGN_IDENTITY[sdk=iphoneos*]" = "iPhone Developer";
				COPY_PHASE_STRIP = YES;
				ENABLE_NS_ASSERTIONS = NO;
				ENABLE_STRICT_OBJC_MSGSEND = YES;
				GCC_C_LANGUAGE_STANDARD = gnu99;
				GCC_WARN_64_TO_32_BIT_CONVERSION = YES;
				GCC_WARN_ABOUT_RETURN_TYPE = YES_ERROR;
				GCC_WARN_UNDECLARED_SELECTOR = YES;
				GCC_WARN_UNINITIALIZED_AUTOS = YES_AGGRESSIVE;
				GCC_WARN_UNUSED_FUNCTION = YES;
				GCC_WARN_UNUSED_VARIABLE = YES;
				IPHONEOS_DEPLOYMENT_TARGET = 8.1;
				MTL_ENABLE_DEBUG_INFO = NO;
				SDKROOT = iphoneos;
				TARGETED_DEVICE_FAMILY = "1,2";
				VALIDATE_PRODUCT = YES;
			};
			name = Release;
		};
		1ADFF7F31A79E9030073F262 /* Debug */ = {
			isa = XCBuildConfiguration;
			buildSettings = {
				ASSETCATALOG_COMPILER_APPICON_NAME = AppIcon;
				DEVELOPMENT_TEAM = "";
				INFOPLIST_FILE = AutoLayoutWithObjCCode/Info.plist;
				IPHONEOS_DEPLOYMENT_TARGET = 8.0;
				LD_RUNPATH_SEARCH_PATHS = "$(inherited) @executable_path/Frameworks";
				PRODUCT_NAME = "$(TARGET_NAME)";
			};
			name = Debug;
		};
		1ADFF7F41A79E9030073F262 /* Release */ = {
			isa = XCBuildConfiguration;
			buildSettings = {
				ASSETCATALOG_COMPILER_APPICON_NAME = AppIcon;
				DEVELOPMENT_TEAM = "";
				INFOPLIST_FILE = AutoLayoutWithObjCCode/Info.plist;
				IPHONEOS_DEPLOYMENT_TARGET = 8.0;
				LD_RUNPATH_SEARCH_PATHS = "$(inherited) @executable_path/Frameworks";
				PRODUCT_NAME = "$(TARGET_NAME)";
			};
			name = Release;
		};
/* End XCBuildConfiguration section */

/* Begin XCConfigurationList section */
		1ADFF7CA1A79E9030073F262 /* Build configuration list for PBXProject "AutoLayoutWithObjC" */ = {
			isa = XCConfigurationList;
			buildConfigurations = (
				1ADFF7F01A79E9030073F262 /* Debug */,
				1ADFF7F11A79E9030073F262 /* Release */,
			);
			defaultConfigurationIsVisible = 0;
			defaultConfigurationName = Release;
		};
		1ADFF7F21A79E9030073F262 /* Build configuration list for PBXNativeTarget "AutoLayoutWithObjC" */ = {
			isa = XCConfigurationList;
			buildConfigurations = (
				1ADFF7F31A79E9030073F262 /* Debug */,
				1ADFF7F41A79E9030073F262 /* Release */,
			);
			defaultConfigurationIsVisible = 0;
			defaultConfigurationName = Release;
		};
/* End XCConfigurationList section */
	};
	rootObject = 1ADFF7C71A79E9030073F262 /* Project object */;
}
