// !$*UTF8*$!
{
	archiveVersion = 1;
	classes = {
	};
	objectVersion = 46;
	objects = {

/* Begin PBXBuildFile section */
		1A6B1B591D6C2B3800A5C74A /* AppDelegate.swift in Sources */ = {isa = PBXBuildFile; fileRef = 1A6B1B581D6C2B3800A5C74A /* AppDelegate.swift */; };
		1A6B1B5B1D6C2B3800A5C74A /* ViewController.swift in Sources */ = {isa = PBXBuildFile; fileRef = 1A6B1B5A1D6C2B3800A5C74A /* ViewController.swift */; };
		1A6B1B5E1D6C2B3800A5C74A /* Main.storyboard in Resources */ = {isa = PBXBuildFile; fileRef = 1A6B1B5C1D6C2B3800A5C74A /* Main.storyboard */; };
		1A6B1B601D6C2B3800A5C74A /* Assets.xcassets in Resources */ = {isa = PBXBuildFile; fileRef = 1A6B1B5F1D6C2B3800A5C74A /* Assets.xcassets */; };
		1A6B1B631D6C2B3800A5C74A /* LaunchScreen.storyboard in Resources */ = {isa = PBXBuildFile; fileRef = 1A6B1B611D6C2B3800A5C74A /* LaunchScreen.storyboard */; };
		1ACE994F1D6C2DD60042AB29 /* DonutChart.swift in Sources */ = {isa = PBXBuildFile; fileRef = 1ACE994E1D6C2DD60042AB29 /* DonutChart.swift */; };
/* End PBXBuildFile section */

/* Begin PBXFileReference section */
		1A6B1B551D6C2B3800A5C74A /* CustomViewSwift3.app */ = {isa = PBXFileReference; explicitFileType = wrapper.application; includeInIndex = 0; path = CustomViewSwift3.app; sourceTree = BUILT_PRODUCTS_DIR; };
		1A6B1B581D6C2B3800A5C74A /* AppDelegate.swift */ = {isa = PBXFileReference; lastKnownFileType = sourcecode.swift; path = AppDelegate.swift; sourceTree = "<group>"; };
		1A6B1B5A1D6C2B3800A5C74A /* ViewController.swift */ = {isa = PBXFileReference; lastKnownFileType = sourcecode.swift; path = ViewController.swift; sourceTree = "<group>"; };
		1A6B1B5D1D6C2B3800A5C74A /* Base */ = {isa = PBXFileReference; lastKnownFileType = file.storyboard; name = Base; path = Base.lproj/Main.storyboard; sourceTree = "<group>"; };
		1A6B1B5F1D6C2B3800A5C74A /* Assets.xcassets */ = {isa = PBXFileReference; lastKnownFileType = folder.assetcatalog; path = Assets.xcassets; sourceTree = "<group>"; };
		1A6B1B621D6C2B3800A5C74A /* Base */ = {isa = PBXFileReference; lastKnownFileType = file.storyboard; name = Base; path = Base.lproj/LaunchScreen.storyboard; sourceTree = "<group>"; };
		1A6B1B641D6C2B3800A5C74A /* Info.plist */ = {isa = PBXFileReference; lastKnownFileType = text.plist.xml; path = Info.plist; sourceTree = "<group>"; };
		1ACE994E1D6C2DD60042AB29 /* DonutChart.swift */ = {isa = PBXFileReference; fileEncoding = 4; lastKnownFileType = sourcecode.swift; path = DonutChart.swift; sourceTree = "<group>"; };
/* End PBXFileReference section */

/* Begin PBXFrameworksBuildPhase section */
		1A6B1B521D6C2B3700A5C74A /* Frameworks */ = {
			isa = PBXFrameworksBuildPhase;
			buildActionMask = 2147483647;
			files = (
			);
			runOnlyForDeploymentPostprocessing = 0;
		};
/* End PBXFrameworksBuildPhase section */

/* Begin PBXGroup section */
		1A6B1B4C1D6C2B3700A5C74A = {
			isa = PBXGroup;
			children = (
				1A6B1B571D6C2B3800A5C74A /* CustomViewSwift3 */,
				1A6B1B561D6C2B3800A5C74A /* Products */,
			);
			sourceTree = "<group>";
		};
		1A6B1B561D6C2B3800A5C74A /* Products */ = {
			isa = PBXGroup;
			children = (
				1A6B1B551D6C2B3800A5C74A /* CustomViewSwift3.app */,
			);
			name = Products;
			sourceTree = "<group>";
		};
		1A6B1B571D6C2B3800A5C74A /* CustomViewSwift3 */ = {
			isa = PBXGroup;
			children = (
				1A6B1B581D6C2B3800A5C74A /* AppDelegate.swift */,
				1A6B1B5A1D6C2B3800A5C74A /* ViewController.swift */,
				1A6B1B5C1D6C2B3800A5C74A /* Main.storyboard */,
				1A6B1B5F1D6C2B3800A5C74A /* Assets.xcassets */,
				1A6B1B611D6C2B3800A5C74A /* LaunchScreen.storyboard */,
				1A6B1B641D6C2B3800A5C74A /* Info.plist */,
				1ACE994E1D6C2DD60042AB29 /* DonutChart.swift */,
			);
			path = CustomViewSwift3;
			sourceTree = "<group>";
		};
/* End PBXGroup section */

/* Begin PBXNativeTarget section */
		1A6B1B541D6C2B3700A5C74A /* CustomViewSwift3 */ = {
			isa = PBXNativeTarget;
			buildConfigurationList = 1A6B1B671D6C2B3800A5C74A /* Build configuration list for PBXNativeTarget "CustomViewSwift3" */;
			buildPhases = (
				1A6B1B511D6C2B3700A5C74A /* Sources */,
				1A6B1B521D6C2B3700A5C74A /* Frameworks */,
				1A6B1B531D6C2B3700A5C74A /* Resources */,
			);
			buildRules = (
			);
			dependencies = (
			);
			name = CustomViewSwift3;
			productName = CustomViewSwift3;
			productReference = 1A6B1B551D6C2B3800A5C74A /* CustomViewSwift3.app */;
			productType = "com.apple.product-type.application";
		};
/* End PBXNativeTarget section */

/* Begin PBXProject section */
		1A6B1B4D1D6C2B3700A5C74A /* Project object */ = {
			isa = PBXProject;
			attributes = {
				LastSwiftUpdateCheck = 0800;
				LastUpgradeCheck = 0800;
				ORGANIZATIONNAME = "Keun young Kim";
				TargetAttributes = {
					1A6B1B541D6C2B3700A5C74A = {
						CreatedOnToolsVersion = 8.0;
						LastSwiftMigration = 0800;
						ProvisioningStyle = Manual;
					};
				};
			};
			buildConfigurationList = 1A6B1B501D6C2B3700A5C74A /* Build configuration list for PBXProject "CustomViewSwift3" */;
			compatibilityVersion = "Xcode 3.2";
			developmentRegion = English;
			hasScannedForEncodings = 0;
			knownRegions = (
				en,
				Base,
			);
			mainGroup = 1A6B1B4C1D6C2B3700A5C74A;
			productRefGroup = 1A6B1B561D6C2B3800A5C74A /* Products */;
			projectDirPath = "";
			projectRoot = "";
			targets = (
				1A6B1B541D6C2B3700A5C74A /* CustomViewSwift3 */,
			);
		};
/* End PBXProject section */

/* Begin PBXResourcesBuildPhase section */
		1A6B1B531D6C2B3700A5C74A /* Resources */ = {
			isa = PBXResourcesBuildPhase;
			buildActionMask = 2147483647;
			files = (
				1A6B1B631D6C2B3800A5C74A /* LaunchScreen.storyboard in Resources */,
				1A6B1B601D6C2B3800A5C74A /* Assets.xcassets in Resources */,
				1A6B1B5E1D6C2B3800A5C74A /* Main.storyboard in Resources */,
			);
			runOnlyForDeploymentPostprocessing = 0;
		};
/* End PBXResourcesBuildPhase section */

/* Begin PBXSourcesBuildPhase section */
		1A6B1B511D6C2B3700A5C74A /* Sources */ = {
			isa = PBXSourcesBuildPhase;
			buildActionMask = 2147483647;
			files = (
				1ACE994F1D6C2DD60042AB29 /* DonutChart.swift in Sources */,
				1A6B1B5B1D6C2B3800A5C74A /* ViewController.swift in Sources */,
				1A6B1B591D6C2B3800A5C74A /* AppDelegate.swift in Sources */,
			);
			runOnlyForDeploymentPostprocessing = 0;
		};
/* End PBXSourcesBuildPhase section */

/* Begin PBXVariantGroup section */
		1A6B1B5C1D6C2B3800A5C74A /* Main.storyboard */ = {
			isa = PBXVariantGroup;
			children = (
				1A6B1B5D1D6C2B3800A5C74A /* Base */,
			);
			name = Main.storyboard;
			sourceTree = "<group>";
		};
		1A6B1B611D6C2B3800A5C74A /* LaunchScreen.storyboard */ = {
			isa = PBXVariantGroup;
			children = (
				1A6B1B621D6C2B3800A5C74A /* Base */,
			);
			name = LaunchScreen.storyboard;
			sourceTree = "<group>";
		};
/* End PBXVariantGroup section */

/* Begin XCBuildConfiguration section */
		1A6B1B651D6C2B3800A5C74A /* Debug */ = {
			isa = XCBuildConfiguration;
			buildSettings = {
				ALWAYS_SEARCH_USER_PATHS = NO;
				CLANG_ANALYZER_NONNULL = YES;
				CLANG_CXX_LANGUAGE_STANDARD = "gnu++0x";
				CLANG_CXX_LIBRARY = "libc++";
				CLANG_ENABLE_MODULES = YES;
				CLANG_ENABLE_OBJC_ARC = YES;
				CLANG_WARN_BOOL_CONVERSION = YES;
				CLANG_WARN_CONSTANT_CONVERSION = YES;
				CLANG_WARN_DIRECT_OBJC_ISA_USAGE = YES_ERROR;
				CLANG_WARN_DOCUMENTATION_COMMENTS = YES;
				CLANG_WARN_EMPTY_BODY = YES;
				CLANG_WARN_ENUM_CONVERSION = YES;
				CLANG_WARN_INFINITE_RECURSION = YES;
				CLANG_WARN_INT_CONVERSION = YES;
				CLANG_WARN_OBJC_ROOT_CLASS = YES_ERROR;
				CLANG_WARN_SUSPICIOUS_MOVES = YES;
				CLANG_WARN_UNREACHABLE_CODE = YES;
				CLANG_WARN__DUPLICATE_METHOD_MATCH = YES;
				"CODE_SIGN_IDENTITY[sdk=iphoneos*]" = "iPhone Developer";
				COPY_PHASE_STRIP = NO;
				DEBUG_INFORMATION_FORMAT = dwarf;
				ENABLE_STRICT_OBJC_MSGSEND = YES;
				ENABLE_TESTABILITY = YES;
				GCC_C_LANGUAGE_STANDARD = gnu99;
				GCC_DYNAMIC_NO_PIC = NO;
				GCC_NO_COMMON_BLOCKS = YES;
				GCC_OPTIMIZATION_LEVEL = 0;
				GCC_PREPROCESSOR_DEFINITIONS = (
					"DEBUG=1",
					"$(inherited)",
				);
				GCC_WARN_64_TO_32_BIT_CONVERSION = YES;
				GCC_WARN_ABOUT_RETURN_TYPE = YES_ERROR;
				GCC_WARN_UNDECLARED_SELECTOR = YES;
				GCC_WARN_UNINITIALIZED_AUTOS = YES_AGGRESSIVE;
				GCC_WARN_UNUSED_FUNCTION = YES;
				GCC_WARN_UNUSED_VARIABLE = YES;
				IPHONEOS_DEPLOYMENT_TARGET = 10.0;
				MTL_ENABLE_DEBUG_INFO = YES;
				ONLY_ACTIVE_ARCH = YES;
				SDKROOT = iphoneos;
				SWIFT_ACTIVE_COMPILATION_CONDITIONS = DEBUG;
				SWIFT_OPTIMIZATION_LEVEL = "-Onone";
				TARGETED_DEVICE_FAMILY = "1,2";
			};
			name = Debug;
		};
		1A6B1B661D6C2B3800A5C74A /* Release */ = {
			isa = XCBuildConfiguration;
			buildSettings = {
				ALWAYS_SEARCH_USER_PATHS = NO;
				CLANG_ANALYZER_NONNULL = YES;
				CLANG_CXX_LANGUAGE_STANDARD = "gnu++0x";
				CLANG_CXX_LIBRARY = "libc++";
				CLANG_ENABLE_MODULES = YES;
				CLANG_ENABLE_OBJC_ARC = YES;
				CLANG_WARN_BOOL_CONVERSION = YES;
				CLANG_WARN_CONSTANT_CONVERSION = YES;
				CLANG_WARN_DIRECT_OBJC_ISA_USAGE = YES_ERROR;
				CLANG_WARN_DOCUMENTATION_COMMENTS = YES;
				CLANG_WARN_EMPTY_BODY = YES;
				CLANG_WARN_ENUM_CONVERSION = YES;
				CLANG_WARN_INFINITE_RECURSION = YES;
				CLANG_WARN_INT_CONVERSION = YES;
				CLANG_WARN_OBJC_ROOT_CLASS = YES_ERROR;
				CLANG_WARN_SUSPICIOUS_MOVES = YES;
				CLANG_WARN_UNREACHABLE_CODE = YES;
				CLANG_WARN__DUPLICATE_METHOD_MATCH = YES;
				"CODE_SIGN_IDENTITY[sdk=iphoneos*]" = "iPhone Developer";
				COPY_PHASE_STRIP = NO;
				DEBUG_INFORMATION_FORMAT = "dwarf-with-dsym";
				ENABLE_NS_ASSERTIONS = NO;
				ENABLE_STRICT_OBJC_MSGSEND = YES;
				GCC_C_LANGUAGE_STANDARD = gnu99;
				GCC_NO_COMMON_BLOCKS = YES;
				GCC_WARN_64_TO_32_BIT_CONVERSION = YES;
				GCC_WARN_ABOUT_RETURN_TYPE = YES_ERROR;
				GCC_WARN_UNDECLARED_SELECTOR = YES;
				GCC_WARN_UNINITIALIZED_AUTOS = YES_AGGRESSIVE;
				GCC_WARN_UNUSED_FUNCTION = YES;
				GCC_WARN_UNUSED_VARIABLE = YES;
				IPHONEOS_DEPLOYMENT_TARGET = 10.0;
				MTL_ENABLE_DEBUG_INFO = NO;
				SDKROOT = iphoneos;
				SWIFT_OPTIMIZATION_LEVEL = "-Owholemodule";
				TARGETED_DEVICE_FAMILY = "1,2";
				VALIDATE_PRODUCT = YES;
			};
			name = Release;
		};
		1A6B1B681D6C2B3800A5C74A /* Debug */ = {
			isa = XCBuildConfiguration;
			buildSettings = {
				ASSETCATALOG_COMPILER_APPICON_NAME = AppIcon;
				DEVELOPMENT_TEAM = "";
				INFOPLIST_FILE = CustomViewSwift3/Info.plist;
				IPHONEOS_DEPLOYMENT_TARGET = 8.0;
				LD_RUNPATH_SEARCH_PATHS = "$(inherited) @executable_path/Frameworks";
				PRODUCT_BUNDLE_IDENTIFIER = com.example.CustomViewSwift3;
				PRODUCT_NAME = "$(TARGET_NAME)";
				SWIFT_VERSION = 3.0;
			};
			name = Debug;
		};
		1A6B1B691D6C2B3800A5C74A /* Release */ = {
			isa = XCBuildConfiguration;
			buildSettings = {
				ASSETCATALOG_COMPILER_APPICON_NAME = AppIcon;
				DEVELOPMENT_TEAM = "";
				INFOPLIST_FILE = CustomViewSwift3/Info.plist;
				IPHONEOS_DEPLOYMENT_TARGET = 8.0;
				LD_RUNPATH_SEARCH_PATHS = "$(inherited) @executable_path/Frameworks";
				PRODUCT_BUNDLE_IDENTIFIER = com.example.CustomViewSwift3;
				PRODUCT_NAME = "$(TARGET_NAME)";
				SWIFT_VERSION = 3.0;
			};
			name = Release;
		};
/* End XCBuildConfiguration section */

/* Begin XCConfigurationList section */
		1A6B1B501D6C2B3700A5C74A /* Build configuration list for PBXProject "CustomViewSwift3" */ = {
			isa = XCConfigurationList;
			buildConfigurations = (
				1A6B1B651D6C2B3800A5C74A /* Debug */,
				1A6B1B661D6C2B3800A5C74A /* Release */,
			);
			defaultConfigurationIsVisible = 0;
			defaultConfigurationName = Release;
		};
		1A6B1B671D6C2B3800A5C74A /* Build configuration list for PBXNativeTarget "CustomViewSwift3" */ = {
			isa = XCConfigurationList;
			buildConfigurations = (
				1A6B1B681D6C2B3800A5C74A /* Debug */,
				1A6B1B691D6C2B3800A5C74A /* Release */,
			);
			defaultConfigurationIsVisible = 0;
			defaultConfigurationName = Release;
		};
/* End XCConfigurationList section */
	};
	rootObject = 1A6B1B4D1D6C2B3700A5C74A /* Project object */;
}
