// !$*UTF8*$!
{
	archiveVersion = 1;
	classes = {
	};
	objectVersion = 46;
	objects = {

/* Begin PBXBuildFile section */
		1A64CE361D697912005EAE2F /* AppDelegate.swift in Sources */ = {isa = PBXBuildFile; fileRef = 1A64CE351D697912005EAE2F /* AppDelegate.swift */; };
		1A64CE381D697912005EAE2F /* ViewController.swift in Sources */ = {isa = PBXBuildFile; fileRef = 1A64CE371D697912005EAE2F /* ViewController.swift */; };
		1A64CE3B1D697912005EAE2F /* Main.storyboard in Resources */ = {isa = PBXBuildFile; fileRef = 1A64CE391D697912005EAE2F /* Main.storyboard */; };
		1A64CE3D1D697912005EAE2F /* Assets.xcassets in Resources */ = {isa = PBXBuildFile; fileRef = 1A64CE3C1D697912005EAE2F /* Assets.xcassets */; };
		1A64CE401D697912005EAE2F /* LaunchScreen.storyboard in Resources */ = {isa = PBXBuildFile; fileRef = 1A64CE3E1D697912005EAE2F /* LaunchScreen.storyboard */; };
/* End PBXBuildFile section */

/* Begin PBXFileReference section */
		1A64CE321D697912005EAE2F /* ViewTaggingSwift2.app */ = {isa = PBXFileReference; explicitFileType = wrapper.application; includeInIndex = 0; path = ViewTaggingSwift2.app; sourceTree = BUILT_PRODUCTS_DIR; };
		1A64CE351D697912005EAE2F /* AppDelegate.swift */ = {isa = PBXFileReference; lastKnownFileType = sourcecode.swift; path = AppDelegate.swift; sourceTree = "<group>"; };
		1A64CE371D697912005EAE2F /* ViewController.swift */ = {isa = PBXFileReference; lastKnownFileType = sourcecode.swift; path = ViewController.swift; sourceTree = "<group>"; };
		1A64CE3A1D697912005EAE2F /* Base */ = {isa = PBXFileReference; lastKnownFileType = file.storyboard; name = Base; path = Base.lproj/Main.storyboard; sourceTree = "<group>"; };
		1A64CE3C1D697912005EAE2F /* Assets.xcassets */ = {isa = PBXFileReference; lastKnownFileType = folder.assetcatalog; path = Assets.xcassets; sourceTree = "<group>"; };
		1A64CE3F1D697912005EAE2F /* Base */ = {isa = PBXFileReference; lastKnownFileType = file.storyboard; name = Base; path = Base.lproj/LaunchScreen.storyboard; sourceTree = "<group>"; };
		1A64CE411D697912005EAE2F /* Info.plist */ = {isa = PBXFileReference; lastKnownFileType = text.plist.xml; path = Info.plist; sourceTree = "<group>"; };
/* End PBXFileReference section */

/* Begin PBXFrameworksBuildPhase section */
		1A64CE2F1D697912005EAE2F /* Frameworks */ = {
			isa = PBXFrameworksBuildPhase;
			buildActionMask = 2147483647;
			files = (
			);
			runOnlyForDeploymentPostprocessing = 0;
		};
/* End PBXFrameworksBuildPhase section */

/* Begin PBXGroup section */
		1A64CE291D697912005EAE2F = {
			isa = PBXGroup;
			children = (
				1A64CE341D697912005EAE2F /* ViewTaggingSwift2 */,
				1A64CE331D697912005EAE2F /* Products */,
			);
			sourceTree = "<group>";
		};
		1A64CE331D697912005EAE2F /* Products */ = {
			isa = PBXGroup;
			children = (
				1A64CE321D697912005EAE2F /* ViewTaggingSwift2.app */,
			);
			name = Products;
			sourceTree = "<group>";
		};
		1A64CE341D697912005EAE2F /* ViewTaggingSwift2 */ = {
			isa = PBXGroup;
			children = (
				1A64CE351D697912005EAE2F /* AppDelegate.swift */,
				1A64CE371D697912005EAE2F /* ViewController.swift */,
				1A64CE391D697912005EAE2F /* Main.storyboard */,
				1A64CE3C1D697912005EAE2F /* Assets.xcassets */,
				1A64CE3E1D697912005EAE2F /* LaunchScreen.storyboard */,
				1A64CE411D697912005EAE2F /* Info.plist */,
			);
			path = ViewTaggingSwift2;
			sourceTree = "<group>";
		};
/* End PBXGroup section */

/* Begin PBXNativeTarget section */
		1A64CE311D697912005EAE2F /* ViewTaggingSwift2 */ = {
			isa = PBXNativeTarget;
			buildConfigurationList = 1A64CE441D697912005EAE2F /* Build configuration list for PBXNativeTarget "ViewTaggingSwift2" */;
			buildPhases = (
				1A64CE2E1D697912005EAE2F /* Sources */,
				1A64CE2F1D697912005EAE2F /* Frameworks */,
				1A64CE301D697912005EAE2F /* Resources */,
			);
			buildRules = (
			);
			dependencies = (
			);
			name = ViewTaggingSwift2;
			productName = ViewTaggingSwift2;
			productReference = 1A64CE321D697912005EAE2F /* ViewTaggingSwift2.app */;
			productType = "com.apple.product-type.application";
		};
/* End PBXNativeTarget section */

/* Begin PBXProject section */
		1A64CE2A1D697912005EAE2F /* Project object */ = {
			isa = PBXProject;
			attributes = {
				LastSwiftUpdateCheck = 0730;
				LastUpgradeCheck = 0730;
				ORGANIZATIONNAME = "Keun young Kim";
				TargetAttributes = {
					1A64CE311D697912005EAE2F = {
						CreatedOnToolsVersion = 7.3.1;
						ProvisioningStyle = Manual;
					};
				};
			};
			buildConfigurationList = 1A64CE2D1D697912005EAE2F /* Build configuration list for PBXProject "ViewTaggingSwift2" */;
			compatibilityVersion = "Xcode 3.2";
			developmentRegion = English;
			hasScannedForEncodings = 0;
			knownRegions = (
				en,
				Base,
			);
			mainGroup = 1A64CE291D697912005EAE2F;
			productRefGroup = 1A64CE331D697912005EAE2F /* Products */;
			projectDirPath = "";
			projectRoot = "";
			targets = (
				1A64CE311D697912005EAE2F /* ViewTaggingSwift2 */,
			);
		};
/* End PBXProject section */

/* Begin PBXResourcesBuildPhase section */
		1A64CE301D697912005EAE2F /* Resources */ = {
			isa = PBXResourcesBuildPhase;
			buildActionMask = 2147483647;
			files = (
				1A64CE401D697912005EAE2F /* LaunchScreen.storyboard in Resources */,
				1A64CE3D1D697912005EAE2F /* Assets.xcassets in Resources */,
				1A64CE3B1D697912005EAE2F /* Main.storyboard in Resources */,
			);
			runOnlyForDeploymentPostprocessing = 0;
		};
/* End PBXResourcesBuildPhase section */

/* Begin PBXSourcesBuildPhase section */
		1A64CE2E1D697912005EAE2F /* Sources */ = {
			isa = PBXSourcesBuildPhase;
			buildActionMask = 2147483647;
			files = (
				1A64CE381D697912005EAE2F /* ViewController.swift in Sources */,
				1A64CE361D697912005EAE2F /* AppDelegate.swift in Sources */,
			);
			runOnlyForDeploymentPostprocessing = 0;
		};
/* End PBXSourcesBuildPhase section */

/* Begin PBXVariantGroup section */
		1A64CE391D697912005EAE2F /* Main.storyboard */ = {
			isa = PBXVariantGroup;
			children = (
				1A64CE3A1D697912005EAE2F /* Base */,
			);
			name = Main.storyboard;
			sourceTree = "<group>";
		};
		1A64CE3E1D697912005EAE2F /* LaunchScreen.storyboard */ = {
			isa = PBXVariantGroup;
			children = (
				1A64CE3F1D697912005EAE2F /* Base */,
			);
			name = LaunchScreen.storyboard;
			sourceTree = "<group>";
		};
/* End PBXVariantGroup section */

/* Begin XCBuildConfiguration section */
		1A64CE421D697912005EAE2F /* Debug */ = {
			isa = XCBuildConfiguration;
			buildSettings = {
				ALWAYS_SEARCH_USER_PATHS = NO;
				CLANG_ANALYZER_NONNULL = YES;
				CLANG_CXX_LANGUAGE_STANDARD = "gnu++0x";
				CLANG_CXX_LIBRARY = "libc++";
				CLANG_ENABLE_MODULES = YES;
				CLANG_ENABLE_OBJC_ARC = YES;
				CLANG_WARN_BOOL_CONVERSION = YES;
				CLANG_WARN_CONSTANT_CONVERSION = YES;
				CLANG_WARN_DIRECT_OBJC_ISA_USAGE = YES_ERROR;
				CLANG_WARN_EMPTY_BODY = YES;
				CLANG_WARN_ENUM_CONVERSION = YES;
				CLANG_WARN_INT_CONVERSION = YES;
				CLANG_WARN_OBJC_ROOT_CLASS = YES_ERROR;
				CLANG_WARN_UNREACHABLE_CODE = YES;
				CLANG_WARN__DUPLICATE_METHOD_MATCH = YES;
				"CODE_SIGN_IDENTITY[sdk=iphoneos*]" = "iPhone Developer";
				COPY_PHASE_STRIP = NO;
				DEBUG_INFORMATION_FORMAT = dwarf;
				ENABLE_STRICT_OBJC_MSGSEND = YES;
				ENABLE_TESTABILITY = YES;
				GCC_C_LANGUAGE_STANDARD = gnu99;
				GCC_DYNAMIC_NO_PIC = NO;
				GCC_NO_COMMON_BLOCKS = YES;
				GCC_OPTIMIZATION_LEVEL = 0;
				GCC_PREPROCESSOR_DEFINITIONS = (
					"DEBUG=1",
					"$(inherited)",
				);
				GCC_WARN_64_TO_32_BIT_CONVERSION = YES;
				GCC_WARN_ABOUT_RETURN_TYPE = YES_ERROR;
				GCC_WARN_UNDECLARED_SELECTOR = YES;
				GCC_WARN_UNINITIALIZED_AUTOS = YES_AGGRESSIVE;
				GCC_WARN_UNUSED_FUNCTION = YES;
				GCC_WARN_UNUSED_VARIABLE = YES;
				IPHONEOS_DEPLOYMENT_TARGET = 9.3;
				MTL_ENABLE_DEBUG_INFO = YES;
				ONLY_ACTIVE_ARCH = YES;
				SDKROOT = iphoneos;
				SWIFT_OPTIMIZATION_LEVEL = "-Onone";
				TARGETED_DEVICE_FAMILY = "1,2";
			};
			name = Debug;
		};
		1A64CE431D697912005EAE2F /* Release */ = {
			isa = XCBuildConfiguration;
			buildSettings = {
				ALWAYS_SEARCH_USER_PATHS = NO;
				CLANG_ANALYZER_NONNULL = YES;
				CLANG_CXX_LANGUAGE_STANDARD = "gnu++0x";
				CLANG_CXX_LIBRARY = "libc++";
				CLANG_ENABLE_MODULES = YES;
				CLANG_ENABLE_OBJC_ARC = YES;
				CLANG_WARN_BOOL_CONVERSION = YES;
				CLANG_WARN_CONSTANT_CONVERSION = YES;
				CLANG_WARN_DIRECT_OBJC_ISA_USAGE = YES_ERROR;
				CLANG_WARN_EMPTY_BODY = YES;
				CLANG_WARN_ENUM_CONVERSION = YES;
				CLANG_WARN_INT_CONVERSION = YES;
				CLANG_WARN_OBJC_ROOT_CLASS = YES_ERROR;
				CLANG_WARN_UNREACHABLE_CODE = YES;
				CLANG_WARN__DUPLICATE_METHOD_MATCH = YES;
				"CODE_SIGN_IDENTITY[sdk=iphoneos*]" = "iPhone Developer";
				COPY_PHASE_STRIP = NO;
				DEBUG_INFORMATION_FORMAT = "dwarf-with-dsym";
				ENABLE_NS_ASSERTIONS = NO;
				ENABLE_STRICT_OBJC_MSGSEND = YES;
				GCC_C_LANGUAGE_STANDARD = gnu99;
				GCC_NO_COMMON_BLOCKS = YES;
				GCC_WARN_64_TO_32_BIT_CONVERSION = YES;
				GCC_WARN_ABOUT_RETURN_TYPE = YES_ERROR;
				GCC_WARN_UNDECLARED_SELECTOR = YES;
				GCC_WARN_UNINITIALIZED_AUTOS = YES_AGGRESSIVE;
				GCC_WARN_UNUSED_FUNCTION = YES;
				GCC_WARN_UNUSED_VARIABLE = YES;
				IPHONEOS_DEPLOYMENT_TARGET = 9.3;
				MTL_ENABLE_DEBUG_INFO = NO;
				SDKROOT = iphoneos;
				TARGETED_DEVICE_FAMILY = "1,2";
				VALIDATE_PRODUCT = YES;
			};
			name = Release;
		};
		1A64CE451D697912005EAE2F /* Debug */ = {
			isa = XCBuildConfiguration;
			buildSettings = {
				ASSETCATALOG_COMPILER_APPICON_NAME = AppIcon;
				DEVELOPMENT_TEAM = "";
				INFOPLIST_FILE = ViewTaggingSwift2/Info.plist;
				IPHONEOS_DEPLOYMENT_TARGET = 8.0;
				LD_RUNPATH_SEARCH_PATHS = "$(inherited) @executable_path/Frameworks";
				PRODUCT_BUNDLE_IDENTIFIER = com.meetkei.ViewTaggingSwift2;
				PRODUCT_NAME = "$(TARGET_NAME)";
				SWIFT_VERSION = 2.3;
			};
			name = Debug;
		};
		1A64CE461D697912005EAE2F /* Release */ = {
			isa = XCBuildConfiguration;
			buildSettings = {
				ASSETCATALOG_COMPILER_APPICON_NAME = AppIcon;
				DEVELOPMENT_TEAM = "";
				INFOPLIST_FILE = ViewTaggingSwift2/Info.plist;
				IPHONEOS_DEPLOYMENT_TARGET = 8.0;
				LD_RUNPATH_SEARCH_PATHS = "$(inherited) @executable_path/Frameworks";
				PRODUCT_BUNDLE_IDENTIFIER = com.meetkei.ViewTaggingSwift2;
				PRODUCT_NAME = "$(TARGET_NAME)";
				SWIFT_VERSION = 2.3;
			};
			name = Release;
		};
/* End XCBuildConfiguration section */

/* Begin XCConfigurationList section */
		1A64CE2D1D697912005EAE2F /* Build configuration list for PBXProject "ViewTaggingSwift2" */ = {
			isa = XCConfigurationList;
			buildConfigurations = (
				1A64CE421D697912005EAE2F /* Debug */,
				1A64CE431D697912005EAE2F /* Release */,
			);
			defaultConfigurationIsVisible = 0;
			defaultConfigurationName = Release;
		};
		1A64CE441D697912005EAE2F /* Build configuration list for PBXNativeTarget "ViewTaggingSwift2" */ = {
			isa = XCConfigurationList;
			buildConfigurations = (
				1A64CE451D697912005EAE2F /* Debug */,
				1A64CE461D697912005EAE2F /* Release */,
			);
			defaultConfigurationIsVisible = 0;
			defaultConfigurationName = Release;
		};
/* End XCConfigurationList section */
	};
	rootObject = 1A64CE2A1D697912005EAE2F /* Project object */;
}
