// !$*UTF8*$!
{
	archiveVersion = 1;
	classes = {
	};
	objectVersion = 46;
	objects = {

/* Begin PBXBuildFile section */
		1A3DBB861D9C192700C06552 /* main.m in Sources */ = {isa = PBXBuildFile; fileRef = 1A3DBB851D9C192700C06552 /* main.m */; };
		1A3DBB891D9C192700C06552 /* AppDelegate.m in Sources */ = {isa = PBXBuildFile; fileRef = 1A3DBB881D9C192700C06552 /* AppDelegate.m */; };
		1A3DBB8C1D9C192700C06552 /* ViewController.m in Sources */ = {isa = PBXBuildFile; fileRef = 1A3DBB8B1D9C192700C06552 /* ViewController.m */; };
		1A3DBB8F1D9C192700C06552 /* Main.storyboard in Resources */ = {isa = PBXBuildFile; fileRef = 1A3DBB8D1D9C192700C06552 /* Main.storyboard */; };
		1A3DBB911D9C192700C06552 /* Assets.xcassets in Resources */ = {isa = PBXBuildFile; fileRef = 1A3DBB901D9C192700C06552 /* Assets.xcassets */; };
		1A3DBB941D9C192700C06552 /* LaunchScreen.storyboard in Resources */ = {isa = PBXBuildFile; fileRef = 1A3DBB921D9C192700C06552 /* LaunchScreen.storyboard */; };
/* End PBXBuildFile section */

/* Begin PBXFileReference section */
		1A3DBB811D9C192700C06552 /* URLSchemeObjC.app */ = {isa = PBXFileReference; explicitFileType = wrapper.application; includeInIndex = 0; path = URLSchemeObjC.app; sourceTree = BUILT_PRODUCTS_DIR; };
		1A3DBB851D9C192700C06552 /* main.m */ = {isa = PBXFileReference; lastKnownFileType = sourcecode.c.objc; path = main.m; sourceTree = "<group>"; };
		1A3DBB871D9C192700C06552 /* AppDelegate.h */ = {isa = PBXFileReference; lastKnownFileType = sourcecode.c.h; path = AppDelegate.h; sourceTree = "<group>"; };
		1A3DBB881D9C192700C06552 /* AppDelegate.m */ = {isa = PBXFileReference; lastKnownFileType = sourcecode.c.objc; path = AppDelegate.m; sourceTree = "<group>"; };
		1A3DBB8A1D9C192700C06552 /* ViewController.h */ = {isa = PBXFileReference; lastKnownFileType = sourcecode.c.h; path = ViewController.h; sourceTree = "<group>"; };
		1A3DBB8B1D9C192700C06552 /* ViewController.m */ = {isa = PBXFileReference; lastKnownFileType = sourcecode.c.objc; path = ViewController.m; sourceTree = "<group>"; };
		1A3DBB8E1D9C192700C06552 /* Base */ = {isa = PBXFileReference; lastKnownFileType = file.storyboard; name = Base; path = Base.lproj/Main.storyboard; sourceTree = "<group>"; };
		1A3DBB901D9C192700C06552 /* Assets.xcassets */ = {isa = PBXFileReference; lastKnownFileType = folder.assetcatalog; path = Assets.xcassets; sourceTree = "<group>"; };
		1A3DBB931D9C192700C06552 /* Base */ = {isa = PBXFileReference; lastKnownFileType = file.storyboard; name = Base; path = Base.lproj/LaunchScreen.storyboard; sourceTree = "<group>"; };
		1A3DBB951D9C192700C06552 /* Info.plist */ = {isa = PBXFileReference; lastKnownFileType = text.plist.xml; path = Info.plist; sourceTree = "<group>"; };
/* End PBXFileReference section */

/* Begin PBXFrameworksBuildPhase section */
		1A3DBB7E1D9C192700C06552 /* Frameworks */ = {
			isa = PBXFrameworksBuildPhase;
			buildActionMask = 2147483647;
			files = (
			);
			runOnlyForDeploymentPostprocessing = 0;
		};
/* End PBXFrameworksBuildPhase section */

/* Begin PBXGroup section */
		1A3DBB781D9C192700C06552 = {
			isa = PBXGroup;
			children = (
				1A3DBB831D9C192700C06552 /* URLSchemeObjC */,
				1A3DBB821D9C192700C06552 /* Products */,
			);
			sourceTree = "<group>";
		};
		1A3DBB821D9C192700C06552 /* Products */ = {
			isa = PBXGroup;
			children = (
				1A3DBB811D9C192700C06552 /* URLSchemeObjC.app */,
			);
			name = Products;
			sourceTree = "<group>";
		};
		1A3DBB831D9C192700C06552 /* URLSchemeObjC */ = {
			isa = PBXGroup;
			children = (
				1A3DBB871D9C192700C06552 /* AppDelegate.h */,
				1A3DBB881D9C192700C06552 /* AppDelegate.m */,
				1A3DBB8A1D9C192700C06552 /* ViewController.h */,
				1A3DBB8B1D9C192700C06552 /* ViewController.m */,
				1A3DBB8D1D9C192700C06552 /* Main.storyboard */,
				1A3DBB901D9C192700C06552 /* Assets.xcassets */,
				1A3DBB921D9C192700C06552 /* LaunchScreen.storyboard */,
				1A3DBB951D9C192700C06552 /* Info.plist */,
				1A3DBB841D9C192700C06552 /* Supporting Files */,
			);
			path = URLSchemeObjC;
			sourceTree = "<group>";
		};
		1A3DBB841D9C192700C06552 /* Supporting Files */ = {
			isa = PBXGroup;
			children = (
				1A3DBB851D9C192700C06552 /* main.m */,
			);
			name = "Supporting Files";
			sourceTree = "<group>";
		};
/* End PBXGroup section */

/* Begin PBXNativeTarget section */
		1A3DBB801D9C192700C06552 /* URLSchemeObjC */ = {
			isa = PBXNativeTarget;
			buildConfigurationList = 1A3DBB981D9C192700C06552 /* Build configuration list for PBXNativeTarget "URLSchemeObjC" */;
			buildPhases = (
				1A3DBB7D1D9C192700C06552 /* Sources */,
				1A3DBB7E1D9C192700C06552 /* Frameworks */,
				1A3DBB7F1D9C192700C06552 /* Resources */,
			);
			buildRules = (
			);
			dependencies = (
			);
			name = URLSchemeObjC;
			productName = URLSchemeObjC;
			productReference = 1A3DBB811D9C192700C06552 /* URLSchemeObjC.app */;
			productType = "com.apple.product-type.application";
		};
/* End PBXNativeTarget section */

/* Begin PBXProject section */
		1A3DBB791D9C192700C06552 /* Project object */ = {
			isa = PBXProject;
			attributes = {
				LastUpgradeCheck = 0800;
				ORGANIZATIONNAME = "Keun young Kim";
				TargetAttributes = {
					1A3DBB801D9C192700C06552 = {
						CreatedOnToolsVersion = 8.0;
						ProvisioningStyle = Manual;
					};
				};
			};
			buildConfigurationList = 1A3DBB7C1D9C192700C06552 /* Build configuration list for PBXProject "URLSchemeObjC" */;
			compatibilityVersion = "Xcode 3.2";
			developmentRegion = English;
			hasScannedForEncodings = 0;
			knownRegions = (
				en,
				Base,
			);
			mainGroup = 1A3DBB781D9C192700C06552;
			productRefGroup = 1A3DBB821D9C192700C06552 /* Products */;
			projectDirPath = "";
			projectRoot = "";
			targets = (
				1A3DBB801D9C192700C06552 /* URLSchemeObjC */,
			);
		};
/* End PBXProject section */

/* Begin PBXResourcesBuildPhase section */
		1A3DBB7F1D9C192700C06552 /* Resources */ = {
			isa = PBXResourcesBuildPhase;
			buildActionMask = 2147483647;
			files = (
				1A3DBB941D9C192700C06552 /* LaunchScreen.storyboard in Resources */,
				1A3DBB911D9C192700C06552 /* Assets.xcassets in Resources */,
				1A3DBB8F1D9C192700C06552 /* Main.storyboard in Resources */,
			);
			runOnlyForDeploymentPostprocessing = 0;
		};
/* End PBXResourcesBuildPhase section */

/* Begin PBXSourcesBuildPhase section */
		1A3DBB7D1D9C192700C06552 /* Sources */ = {
			isa = PBXSourcesBuildPhase;
			buildActionMask = 2147483647;
			files = (
				1A3DBB8C1D9C192700C06552 /* ViewController.m in Sources */,
				1A3DBB891D9C192700C06552 /* AppDelegate.m in Sources */,
				1A3DBB861D9C192700C06552 /* main.m in Sources */,
			);
			runOnlyForDeploymentPostprocessing = 0;
		};
/* End PBXSourcesBuildPhase section */

/* Begin PBXVariantGroup section */
		1A3DBB8D1D9C192700C06552 /* Main.storyboard */ = {
			isa = PBXVariantGroup;
			children = (
				1A3DBB8E1D9C192700C06552 /* Base */,
			);
			name = Main.storyboard;
			sourceTree = "<group>";
		};
		1A3DBB921D9C192700C06552 /* LaunchScreen.storyboard */ = {
			isa = PBXVariantGroup;
			children = (
				1A3DBB931D9C192700C06552 /* Base */,
			);
			name = LaunchScreen.storyboard;
			sourceTree = "<group>";
		};
/* End PBXVariantGroup section */

/* Begin XCBuildConfiguration section */
		1A3DBB961D9C192700C06552 /* Debug */ = {
			isa = XCBuildConfiguration;
			buildSettings = {
				ALWAYS_SEARCH_USER_PATHS = NO;
				CLANG_ANALYZER_NONNULL = YES;
				CLANG_CXX_LANGUAGE_STANDARD = "gnu++0x";
				CLANG_CXX_LIBRARY = "libc++";
				CLANG_ENABLE_MODULES = YES;
				CLANG_ENABLE_OBJC_ARC = YES;
				CLANG_WARN_BOOL_CONVERSION = YES;
				CLANG_WARN_CONSTANT_CONVERSION = YES;
				CLANG_WARN_DIRECT_OBJC_ISA_USAGE = YES_ERROR;
				CLANG_WARN_DOCUMENTATION_COMMENTS = YES;
				CLANG_WARN_EMPTY_BODY = YES;
				CLANG_WARN_ENUM_CONVERSION = YES;
				CLANG_WARN_INFINITE_RECURSION = YES;
				CLANG_WARN_INT_CONVERSION = YES;
				CLANG_WARN_OBJC_ROOT_CLASS = YES_ERROR;
				CLANG_WARN_SUSPICIOUS_MOVES = YES;
				CLANG_WARN_UNREACHABLE_CODE = YES;
				CLANG_WARN__DUPLICATE_METHOD_MATCH = YES;
				"CODE_SIGN_IDENTITY[sdk=iphoneos*]" = "iPhone Developer";
				COPY_PHASE_STRIP = NO;
				DEBUG_INFORMATION_FORMAT = dwarf;
				ENABLE_STRICT_OBJC_MSGSEND = YES;
				ENABLE_TESTABILITY = YES;
				GCC_C_LANGUAGE_STANDARD = gnu99;
				GCC_DYNAMIC_NO_PIC = NO;
				GCC_NO_COMMON_BLOCKS = YES;
				GCC_OPTIMIZATION_LEVEL = 0;
				GCC_PREPROCESSOR_DEFINITIONS = (
					"DEBUG=1",
					"$(inherited)",
				);
				GCC_WARN_64_TO_32_BIT_CONVERSION = YES;
				GCC_WARN_ABOUT_RETURN_TYPE = YES_ERROR;
				GCC_WARN_UNDECLARED_SELECTOR = YES;
				GCC_WARN_UNINITIALIZED_AUTOS = YES_AGGRESSIVE;
				GCC_WARN_UNUSED_FUNCTION = YES;
				GCC_WARN_UNUSED_VARIABLE = YES;
				IPHONEOS_DEPLOYMENT_TARGET = 10.0;
				MTL_ENABLE_DEBUG_INFO = YES;
				ONLY_ACTIVE_ARCH = YES;
				SDKROOT = iphoneos;
				TARGETED_DEVICE_FAMILY = "1,2";
			};
			name = Debug;
		};
		1A3DBB971D9C192700C06552 /* Release */ = {
			isa = XCBuildConfiguration;
			buildSettings = {
				ALWAYS_SEARCH_USER_PATHS = NO;
				CLANG_ANALYZER_NONNULL = YES;
				CLANG_CXX_LANGUAGE_STANDARD = "gnu++0x";
				CLANG_CXX_LIBRARY = "libc++";
				CLANG_ENABLE_MODULES = YES;
				CLANG_ENABLE_OBJC_ARC = YES;
				CLANG_WARN_BOOL_CONVERSION = YES;
				CLANG_WARN_CONSTANT_CONVERSION = YES;
				CLANG_WARN_DIRECT_OBJC_ISA_USAGE = YES_ERROR;
				CLANG_WARN_DOCUMENTATION_COMMENTS = YES;
				CLANG_WARN_EMPTY_BODY = YES;
				CLANG_WARN_ENUM_CONVERSION = YES;
				CLANG_WARN_INFINITE_RECURSION = YES;
				CLANG_WARN_INT_CONVERSION = YES;
				CLANG_WARN_OBJC_ROOT_CLASS = YES_ERROR;
				CLANG_WARN_SUSPICIOUS_MOVES = YES;
				CLANG_WARN_UNREACHABLE_CODE = YES;
				CLANG_WARN__DUPLICATE_METHOD_MATCH = YES;
				"CODE_SIGN_IDENTITY[sdk=iphoneos*]" = "iPhone Developer";
				COPY_PHASE_STRIP = NO;
				DEBUG_INFORMATION_FORMAT = "dwarf-with-dsym";
				ENABLE_NS_ASSERTIONS = NO;
				ENABLE_STRICT_OBJC_MSGSEND = YES;
				GCC_C_LANGUAGE_STANDARD = gnu99;
				GCC_NO_COMMON_BLOCKS = YES;
				GCC_WARN_64_TO_32_BIT_CONVERSION = YES;
				GCC_WARN_ABOUT_RETURN_TYPE = YES_ERROR;
				GCC_WARN_UNDECLARED_SELECTOR = YES;
				GCC_WARN_UNINITIALIZED_AUTOS = YES_AGGRESSIVE;
				GCC_WARN_UNUSED_FUNCTION = YES;
				GCC_WARN_UNUSED_VARIABLE = YES;
				IPHONEOS_DEPLOYMENT_TARGET = 10.0;
				MTL_ENABLE_DEBUG_INFO = NO;
				SDKROOT = iphoneos;
				TARGETED_DEVICE_FAMILY = "1,2";
				VALIDATE_PRODUCT = YES;
			};
			name = Release;
		};
		1A3DBB991D9C192700C06552 /* Debug */ = {
			isa = XCBuildConfiguration;
			buildSettings = {
				ASSETCATALOG_COMPILER_APPICON_NAME = AppIcon;
				DEVELOPMENT_TEAM = "";
				INFOPLIST_FILE = URLSchemeObjC/Info.plist;
				IPHONEOS_DEPLOYMENT_TARGET = 8.0;
				LD_RUNPATH_SEARCH_PATHS = "$(inherited) @executable_path/Frameworks";
				PRODUCT_BUNDLE_IDENTIFIER = com.meetkei.URLSchemeObjC;
				PRODUCT_NAME = "$(TARGET_NAME)";
			};
			name = Debug;
		};
		1A3DBB9A1D9C192700C06552 /* Release */ = {
			isa = XCBuildConfiguration;
			buildSettings = {
				ASSETCATALOG_COMPILER_APPICON_NAME = AppIcon;
				DEVELOPMENT_TEAM = "";
				INFOPLIST_FILE = URLSchemeObjC/Info.plist;
				IPHONEOS_DEPLOYMENT_TARGET = 8.0;
				LD_RUNPATH_SEARCH_PATHS = "$(inherited) @executable_path/Frameworks";
				PRODUCT_BUNDLE_IDENTIFIER = com.meetkei.URLSchemeObjC;
				PRODUCT_NAME = "$(TARGET_NAME)";
			};
			name = Release;
		};
/* End XCBuildConfiguration section */

/* Begin XCConfigurationList section */
		1A3DBB7C1D9C192700C06552 /* Build configuration list for PBXProject "URLSchemeObjC" */ = {
			isa = XCConfigurationList;
			buildConfigurations = (
				1A3DBB961D9C192700C06552 /* Debug */,
				1A3DBB971D9C192700C06552 /* Release */,
			);
			defaultConfigurationIsVisible = 0;
			defaultConfigurationName = Release;
		};
		1A3DBB981D9C192700C06552 /* Build configuration list for PBXNativeTarget "URLSchemeObjC" */ = {
			isa = XCConfigurationList;
			buildConfigurations = (
				1A3DBB991D9C192700C06552 /* Debug */,
				1A3DBB9A1D9C192700C06552 /* Release */,
			);
			defaultConfigurationIsVisible = 0;
			defaultConfigurationName = Release;
		};
/* End XCConfigurationList section */
	};
	rootObject = 1A3DBB791D9C192700C06552 /* Project object */;
}
