// !$*UTF8*$!
{
	archiveVersion = 1;
	classes = {
	};
	objectVersion = 46;
	objects = {

/* Begin PBXBuildFile section */
		1A6435AD1D991432009BD3D7 /* AppDelegate.swift in Sources */ = {isa = PBXBuildFile; fileRef = 1A6435AC1D991432009BD3D7 /* AppDelegate.swift */; };
		1A6435AF1D991432009BD3D7 /* ViewController.swift in Sources */ = {isa = PBXBuildFile; fileRef = 1A6435AE1D991432009BD3D7 /* ViewController.swift */; };
		1A6435B21D991432009BD3D7 /* Main.storyboard in Resources */ = {isa = PBXBuildFile; fileRef = 1A6435B01D991432009BD3D7 /* Main.storyboard */; };
		1A6435B41D991432009BD3D7 /* Assets.xcassets in Resources */ = {isa = PBXBuildFile; fileRef = 1A6435B31D991432009BD3D7 /* Assets.xcassets */; };
		1A6435B71D991432009BD3D7 /* LaunchScreen.storyboard in Resources */ = {isa = PBXBuildFile; fileRef = 1A6435B51D991432009BD3D7 /* LaunchScreen.storyboard */; };
		1A6435BF1D991460009BD3D7 /* SumOperation.swift in Sources */ = {isa = PBXBuildFile; fileRef = 1A6435BE1D991460009BD3D7 /* SumOperation.swift */; };
		1A6435C11D991926009BD3D7 /* AvgOperation.swift in Sources */ = {isa = PBXBuildFile; fileRef = 1A6435C01D991926009BD3D7 /* AvgOperation.swift */; };
		1A6435C31D9919F6009BD3D7 /* StringOperation.swift in Sources */ = {isa = PBXBuildFile; fileRef = 1A6435C21D9919F6009BD3D7 /* StringOperation.swift */; };
/* End PBXBuildFile section */

/* Begin PBXFileReference section */
		1A6435A91D991432009BD3D7 /* OperationSwift23.app */ = {isa = PBXFileReference; explicitFileType = wrapper.application; includeInIndex = 0; path = OperationSwift23.app; sourceTree = BUILT_PRODUCTS_DIR; };
		1A6435AC1D991432009BD3D7 /* AppDelegate.swift */ = {isa = PBXFileReference; lastKnownFileType = sourcecode.swift; path = AppDelegate.swift; sourceTree = "<group>"; };
		1A6435AE1D991432009BD3D7 /* ViewController.swift */ = {isa = PBXFileReference; lastKnownFileType = sourcecode.swift; path = ViewController.swift; sourceTree = "<group>"; };
		1A6435B11D991432009BD3D7 /* Base */ = {isa = PBXFileReference; lastKnownFileType = file.storyboard; name = Base; path = Base.lproj/Main.storyboard; sourceTree = "<group>"; };
		1A6435B31D991432009BD3D7 /* Assets.xcassets */ = {isa = PBXFileReference; lastKnownFileType = folder.assetcatalog; path = Assets.xcassets; sourceTree = "<group>"; };
		1A6435B61D991432009BD3D7 /* Base */ = {isa = PBXFileReference; lastKnownFileType = file.storyboard; name = Base; path = Base.lproj/LaunchScreen.storyboard; sourceTree = "<group>"; };
		1A6435B81D991432009BD3D7 /* Info.plist */ = {isa = PBXFileReference; lastKnownFileType = text.plist.xml; path = Info.plist; sourceTree = "<group>"; };
		1A6435BE1D991460009BD3D7 /* SumOperation.swift */ = {isa = PBXFileReference; fileEncoding = 4; lastKnownFileType = sourcecode.swift; path = SumOperation.swift; sourceTree = "<group>"; };
		1A6435C01D991926009BD3D7 /* AvgOperation.swift */ = {isa = PBXFileReference; fileEncoding = 4; lastKnownFileType = sourcecode.swift; path = AvgOperation.swift; sourceTree = "<group>"; };
		1A6435C21D9919F6009BD3D7 /* StringOperation.swift */ = {isa = PBXFileReference; fileEncoding = 4; lastKnownFileType = sourcecode.swift; path = StringOperation.swift; sourceTree = "<group>"; };
/* End PBXFileReference section */

/* Begin PBXFrameworksBuildPhase section */
		1A6435A61D991432009BD3D7 /* Frameworks */ = {
			isa = PBXFrameworksBuildPhase;
			buildActionMask = 2147483647;
			files = (
			);
			runOnlyForDeploymentPostprocessing = 0;
		};
/* End PBXFrameworksBuildPhase section */

/* Begin PBXGroup section */
		1A6435A01D991432009BD3D7 = {
			isa = PBXGroup;
			children = (
				1A6435AB1D991432009BD3D7 /* OperationSwift23 */,
				1A6435AA1D991432009BD3D7 /* Products */,
			);
			sourceTree = "<group>";
		};
		1A6435AA1D991432009BD3D7 /* Products */ = {
			isa = PBXGroup;
			children = (
				1A6435A91D991432009BD3D7 /* OperationSwift23.app */,
			);
			name = Products;
			sourceTree = "<group>";
		};
		1A6435AB1D991432009BD3D7 /* OperationSwift23 */ = {
			isa = PBXGroup;
			children = (
				1A6435AC1D991432009BD3D7 /* AppDelegate.swift */,
				1A6435AE1D991432009BD3D7 /* ViewController.swift */,
				1A6435B01D991432009BD3D7 /* Main.storyboard */,
				1A6435B31D991432009BD3D7 /* Assets.xcassets */,
				1A6435B51D991432009BD3D7 /* LaunchScreen.storyboard */,
				1A6435B81D991432009BD3D7 /* Info.plist */,
				1A6435BE1D991460009BD3D7 /* SumOperation.swift */,
				1A6435C01D991926009BD3D7 /* AvgOperation.swift */,
				1A6435C21D9919F6009BD3D7 /* StringOperation.swift */,
			);
			path = OperationSwift23;
			sourceTree = "<group>";
		};
/* End PBXGroup section */

/* Begin PBXNativeTarget section */
		1A6435A81D991432009BD3D7 /* OperationSwift23 */ = {
			isa = PBXNativeTarget;
			buildConfigurationList = 1A6435BB1D991432009BD3D7 /* Build configuration list for PBXNativeTarget "OperationSwift23" */;
			buildPhases = (
				1A6435A51D991432009BD3D7 /* Sources */,
				1A6435A61D991432009BD3D7 /* Frameworks */,
				1A6435A71D991432009BD3D7 /* Resources */,
			);
			buildRules = (
			);
			dependencies = (
			);
			name = OperationSwift23;
			productName = OperationSwift23;
			productReference = 1A6435A91D991432009BD3D7 /* OperationSwift23.app */;
			productType = "com.apple.product-type.application";
		};
/* End PBXNativeTarget section */

/* Begin PBXProject section */
		1A6435A11D991432009BD3D7 /* Project object */ = {
			isa = PBXProject;
			attributes = {
				LastSwiftUpdateCheck = 0800;
				LastUpgradeCheck = 0800;
				ORGANIZATIONNAME = "Keun young Kim";
				TargetAttributes = {
					1A6435A81D991432009BD3D7 = {
						CreatedOnToolsVersion = 8.0;
						DevelopmentTeam = 6GG6YUX8VB;
						ProvisioningStyle = Automatic;
					};
				};
			};
			buildConfigurationList = 1A6435A41D991432009BD3D7 /* Build configuration list for PBXProject "OperationSwift23" */;
			compatibilityVersion = "Xcode 3.2";
			developmentRegion = English;
			hasScannedForEncodings = 0;
			knownRegions = (
				en,
				Base,
			);
			mainGroup = 1A6435A01D991432009BD3D7;
			productRefGroup = 1A6435AA1D991432009BD3D7 /* Products */;
			projectDirPath = "";
			projectRoot = "";
			targets = (
				1A6435A81D991432009BD3D7 /* OperationSwift23 */,
			);
		};
/* End PBXProject section */

/* Begin PBXResourcesBuildPhase section */
		1A6435A71D991432009BD3D7 /* Resources */ = {
			isa = PBXResourcesBuildPhase;
			buildActionMask = 2147483647;
			files = (
				1A6435B71D991432009BD3D7 /* LaunchScreen.storyboard in Resources */,
				1A6435B41D991432009BD3D7 /* Assets.xcassets in Resources */,
				1A6435B21D991432009BD3D7 /* Main.storyboard in Resources */,
			);
			runOnlyForDeploymentPostprocessing = 0;
		};
/* End PBXResourcesBuildPhase section */

/* Begin PBXSourcesBuildPhase section */
		1A6435A51D991432009BD3D7 /* Sources */ = {
			isa = PBXSourcesBuildPhase;
			buildActionMask = 2147483647;
			files = (
				1A6435C11D991926009BD3D7 /* AvgOperation.swift in Sources */,
				1A6435C31D9919F6009BD3D7 /* StringOperation.swift in Sources */,
				1A6435AF1D991432009BD3D7 /* ViewController.swift in Sources */,
				1A6435AD1D991432009BD3D7 /* AppDelegate.swift in Sources */,
				1A6435BF1D991460009BD3D7 /* SumOperation.swift in Sources */,
			);
			runOnlyForDeploymentPostprocessing = 0;
		};
/* End PBXSourcesBuildPhase section */

/* Begin PBXVariantGroup section */
		1A6435B01D991432009BD3D7 /* Main.storyboard */ = {
			isa = PBXVariantGroup;
			children = (
				1A6435B11D991432009BD3D7 /* Base */,
			);
			name = Main.storyboard;
			sourceTree = "<group>";
		};
		1A6435B51D991432009BD3D7 /* LaunchScreen.storyboard */ = {
			isa = PBXVariantGroup;
			children = (
				1A6435B61D991432009BD3D7 /* Base */,
			);
			name = LaunchScreen.storyboard;
			sourceTree = "<group>";
		};
/* End PBXVariantGroup section */

/* Begin XCBuildConfiguration section */
		1A6435B91D991432009BD3D7 /* Debug */ = {
			isa = XCBuildConfiguration;
			buildSettings = {
				ALWAYS_SEARCH_USER_PATHS = NO;
				CLANG_ANALYZER_NONNULL = YES;
				CLANG_CXX_LANGUAGE_STANDARD = "gnu++0x";
				CLANG_CXX_LIBRARY = "libc++";
				CLANG_ENABLE_MODULES = YES;
				CLANG_ENABLE_OBJC_ARC = YES;
				CLANG_WARN_BOOL_CONVERSION = YES;
				CLANG_WARN_CONSTANT_CONVERSION = YES;
				CLANG_WARN_DIRECT_OBJC_ISA_USAGE = YES_ERROR;
				CLANG_WARN_DOCUMENTATION_COMMENTS = YES;
				CLANG_WARN_EMPTY_BODY = YES;
				CLANG_WARN_ENUM_CONVERSION = YES;
				CLANG_WARN_INFINITE_RECURSION = YES;
				CLANG_WARN_INT_CONVERSION = YES;
				CLANG_WARN_OBJC_ROOT_CLASS = YES_ERROR;
				CLANG_WARN_SUSPICIOUS_MOVES = YES;
				CLANG_WARN_UNREACHABLE_CODE = YES;
				CLANG_WARN__DUPLICATE_METHOD_MATCH = YES;
				"CODE_SIGN_IDENTITY[sdk=iphoneos*]" = "iPhone Developer";
				COPY_PHASE_STRIP = NO;
				DEBUG_INFORMATION_FORMAT = dwarf;
				ENABLE_STRICT_OBJC_MSGSEND = YES;
				ENABLE_TESTABILITY = YES;
				GCC_C_LANGUAGE_STANDARD = gnu99;
				GCC_DYNAMIC_NO_PIC = NO;
				GCC_NO_COMMON_BLOCKS = YES;
				GCC_OPTIMIZATION_LEVEL = 0;
				GCC_PREPROCESSOR_DEFINITIONS = (
					"DEBUG=1",
					"$(inherited)",
				);
				GCC_WARN_64_TO_32_BIT_CONVERSION = YES;
				GCC_WARN_ABOUT_RETURN_TYPE = YES_ERROR;
				GCC_WARN_UNDECLARED_SELECTOR = YES;
				GCC_WARN_UNINITIALIZED_AUTOS = YES_AGGRESSIVE;
				GCC_WARN_UNUSED_FUNCTION = YES;
				GCC_WARN_UNUSED_VARIABLE = YES;
				IPHONEOS_DEPLOYMENT_TARGET = 10.0;
				MTL_ENABLE_DEBUG_INFO = YES;
				ONLY_ACTIVE_ARCH = YES;
				SDKROOT = iphoneos;
				SWIFT_ACTIVE_COMPILATION_CONDITIONS = DEBUG;
				SWIFT_OPTIMIZATION_LEVEL = "-Onone";
				TARGETED_DEVICE_FAMILY = "1,2";
			};
			name = Debug;
		};
		1A6435BA1D991432009BD3D7 /* Release */ = {
			isa = XCBuildConfiguration;
			buildSettings = {
				ALWAYS_SEARCH_USER_PATHS = NO;
				CLANG_ANALYZER_NONNULL = YES;
				CLANG_CXX_LANGUAGE_STANDARD = "gnu++0x";
				CLANG_CXX_LIBRARY = "libc++";
				CLANG_ENABLE_MODULES = YES;
				CLANG_ENABLE_OBJC_ARC = YES;
				CLANG_WARN_BOOL_CONVERSION = YES;
				CLANG_WARN_CONSTANT_CONVERSION = YES;
				CLANG_WARN_DIRECT_OBJC_ISA_USAGE = YES_ERROR;
				CLANG_WARN_DOCUMENTATION_COMMENTS = YES;
				CLANG_WARN_EMPTY_BODY = YES;
				CLANG_WARN_ENUM_CONVERSION = YES;
				CLANG_WARN_INFINITE_RECURSION = YES;
				CLANG_WARN_INT_CONVERSION = YES;
				CLANG_WARN_OBJC_ROOT_CLASS = YES_ERROR;
				CLANG_WARN_SUSPICIOUS_MOVES = YES;
				CLANG_WARN_UNREACHABLE_CODE = YES;
				CLANG_WARN__DUPLICATE_METHOD_MATCH = YES;
				"CODE_SIGN_IDENTITY[sdk=iphoneos*]" = "iPhone Developer";
				COPY_PHASE_STRIP = NO;
				DEBUG_INFORMATION_FORMAT = "dwarf-with-dsym";
				ENABLE_NS_ASSERTIONS = NO;
				ENABLE_STRICT_OBJC_MSGSEND = YES;
				GCC_C_LANGUAGE_STANDARD = gnu99;
				GCC_NO_COMMON_BLOCKS = YES;
				GCC_WARN_64_TO_32_BIT_CONVERSION = YES;
				GCC_WARN_ABOUT_RETURN_TYPE = YES_ERROR;
				GCC_WARN_UNDECLARED_SELECTOR = YES;
				GCC_WARN_UNINITIALIZED_AUTOS = YES_AGGRESSIVE;
				GCC_WARN_UNUSED_FUNCTION = YES;
				GCC_WARN_UNUSED_VARIABLE = YES;
				IPHONEOS_DEPLOYMENT_TARGET = 10.0;
				MTL_ENABLE_DEBUG_INFO = NO;
				SDKROOT = iphoneos;
				SWIFT_OPTIMIZATION_LEVEL = "-Owholemodule";
				TARGETED_DEVICE_FAMILY = "1,2";
				VALIDATE_PRODUCT = YES;
			};
			name = Release;
		};
		1A6435BC1D991432009BD3D7 /* Debug */ = {
			isa = XCBuildConfiguration;
			buildSettings = {
				ASSETCATALOG_COMPILER_APPICON_NAME = AppIcon;
				DEVELOPMENT_TEAM = 6GG6YUX8VB;
				INFOPLIST_FILE = OperationSwift23/Info.plist;
				IPHONEOS_DEPLOYMENT_TARGET = 8.3;
				LD_RUNPATH_SEARCH_PATHS = "$(inherited) @executable_path/Frameworks";
				PRODUCT_BUNDLE_IDENTIFIER = com.meetkei.OperationSwift23;
				PRODUCT_NAME = "$(TARGET_NAME)";
				SWIFT_VERSION = 2.3;
			};
			name = Debug;
		};
		1A6435BD1D991432009BD3D7 /* Release */ = {
			isa = XCBuildConfiguration;
			buildSettings = {
				ASSETCATALOG_COMPILER_APPICON_NAME = AppIcon;
				DEVELOPMENT_TEAM = 6GG6YUX8VB;
				INFOPLIST_FILE = OperationSwift23/Info.plist;
				IPHONEOS_DEPLOYMENT_TARGET = 8.3;
				LD_RUNPATH_SEARCH_PATHS = "$(inherited) @executable_path/Frameworks";
				PRODUCT_BUNDLE_IDENTIFIER = com.meetkei.OperationSwift23;
				PRODUCT_NAME = "$(TARGET_NAME)";
				SWIFT_VERSION = 2.3;
			};
			name = Release;
		};
/* End XCBuildConfiguration section */

/* Begin XCConfigurationList section */
		1A6435A41D991432009BD3D7 /* Build configuration list for PBXProject "OperationSwift23" */ = {
			isa = XCConfigurationList;
			buildConfigurations = (
				1A6435B91D991432009BD3D7 /* Debug */,
				1A6435BA1D991432009BD3D7 /* Release */,
			);
			defaultConfigurationIsVisible = 0;
			defaultConfigurationName = Release;
		};
		1A6435BB1D991432009BD3D7 /* Build configuration list for PBXNativeTarget "OperationSwift23" */ = {
			isa = XCConfigurationList;
			buildConfigurations = (
				1A6435BC1D991432009BD3D7 /* Debug */,
				1A6435BD1D991432009BD3D7 /* Release */,
			);
			defaultConfigurationIsVisible = 0;
			defaultConfigurationName = Release;
		};
/* End XCConfigurationList section */
	};
	rootObject = 1A6435A11D991432009BD3D7 /* Project object */;
}
