// !$*UTF8*$!
{
	archiveVersion = 1;
	classes = {
	};
	objectVersion = 46;
	objects = {

/* Begin PBXBuildFile section */
		1AB70A291DA86C9C002EF9FF /* AppDelegate.swift in Sources */ = {isa = PBXBuildFile; fileRef = 1AB70A281DA86C9C002EF9FF /* AppDelegate.swift */; };
		1AB70A2B1DA86C9C002EF9FF /* ViewController.swift in Sources */ = {isa = PBXBuildFile; fileRef = 1AB70A2A1DA86C9C002EF9FF /* ViewController.swift */; };
		1AB70A2E1DA86C9C002EF9FF /* Main.storyboard in Resources */ = {isa = PBXBuildFile; fileRef = 1AB70A2C1DA86C9C002EF9FF /* Main.storyboard */; };
		1AB70A301DA86C9C002EF9FF /* Assets.xcassets in Resources */ = {isa = PBXBuildFile; fileRef = 1AB70A2F1DA86C9C002EF9FF /* Assets.xcassets */; };
		1AB70A331DA86C9C002EF9FF /* LaunchScreen.storyboard in Resources */ = {isa = PBXBuildFile; fileRef = 1AB70A311DA86C9C002EF9FF /* LaunchScreen.storyboard */; };
/* End PBXBuildFile section */

/* Begin PBXFileReference section */
		1AB70A251DA86C9C002EF9FF /* ThreadSwift2.app */ = {isa = PBXFileReference; explicitFileType = wrapper.application; includeInIndex = 0; path = ThreadSwift2.app; sourceTree = BUILT_PRODUCTS_DIR; };
		1AB70A281DA86C9C002EF9FF /* AppDelegate.swift */ = {isa = PBXFileReference; lastKnownFileType = sourcecode.swift; path = AppDelegate.swift; sourceTree = "<group>"; };
		1AB70A2A1DA86C9C002EF9FF /* ViewController.swift */ = {isa = PBXFileReference; lastKnownFileType = sourcecode.swift; path = ViewController.swift; sourceTree = "<group>"; };
		1AB70A2D1DA86C9C002EF9FF /* Base */ = {isa = PBXFileReference; lastKnownFileType = file.storyboard; name = Base; path = Base.lproj/Main.storyboard; sourceTree = "<group>"; };
		1AB70A2F1DA86C9C002EF9FF /* Assets.xcassets */ = {isa = PBXFileReference; lastKnownFileType = folder.assetcatalog; path = Assets.xcassets; sourceTree = "<group>"; };
		1AB70A321DA86C9C002EF9FF /* Base */ = {isa = PBXFileReference; lastKnownFileType = file.storyboard; name = Base; path = Base.lproj/LaunchScreen.storyboard; sourceTree = "<group>"; };
		1AB70A341DA86C9C002EF9FF /* Info.plist */ = {isa = PBXFileReference; lastKnownFileType = text.plist.xml; path = Info.plist; sourceTree = "<group>"; };
/* End PBXFileReference section */

/* Begin PBXFrameworksBuildPhase section */
		1AB70A221DA86C9C002EF9FF /* Frameworks */ = {
			isa = PBXFrameworksBuildPhase;
			buildActionMask = 2147483647;
			files = (
			);
			runOnlyForDeploymentPostprocessing = 0;
		};
/* End PBXFrameworksBuildPhase section */

/* Begin PBXGroup section */
		1AB70A1C1DA86C9C002EF9FF = {
			isa = PBXGroup;
			children = (
				1AB70A271DA86C9C002EF9FF /* ThreadSwift2 */,
				1AB70A261DA86C9C002EF9FF /* Products */,
			);
			sourceTree = "<group>";
		};
		1AB70A261DA86C9C002EF9FF /* Products */ = {
			isa = PBXGroup;
			children = (
				1AB70A251DA86C9C002EF9FF /* ThreadSwift2.app */,
			);
			name = Products;
			sourceTree = "<group>";
		};
		1AB70A271DA86C9C002EF9FF /* ThreadSwift2 */ = {
			isa = PBXGroup;
			children = (
				1AB70A281DA86C9C002EF9FF /* AppDelegate.swift */,
				1AB70A2A1DA86C9C002EF9FF /* ViewController.swift */,
				1AB70A2C1DA86C9C002EF9FF /* Main.storyboard */,
				1AB70A2F1DA86C9C002EF9FF /* Assets.xcassets */,
				1AB70A311DA86C9C002EF9FF /* LaunchScreen.storyboard */,
				1AB70A341DA86C9C002EF9FF /* Info.plist */,
			);
			name = ThreadSwift2;
			path = Swift2;
			sourceTree = "<group>";
		};
/* End PBXGroup section */

/* Begin PBXNativeTarget section */
		1AB70A241DA86C9C002EF9FF /* ThreadSwift2 */ = {
			isa = PBXNativeTarget;
			buildConfigurationList = 1AB70A371DA86C9C002EF9FF /* Build configuration list for PBXNativeTarget "ThreadSwift2" */;
			buildPhases = (
				1AB70A211DA86C9C002EF9FF /* Sources */,
				1AB70A221DA86C9C002EF9FF /* Frameworks */,
				1AB70A231DA86C9C002EF9FF /* Resources */,
			);
			buildRules = (
			);
			dependencies = (
			);
			name = ThreadSwift2;
			productName = Swift2;
			productReference = 1AB70A251DA86C9C002EF9FF /* ThreadSwift2.app */;
			productType = "com.apple.product-type.application";
		};
/* End PBXNativeTarget section */

/* Begin PBXProject section */
		1AB70A1D1DA86C9C002EF9FF /* Project object */ = {
			isa = PBXProject;
			attributes = {
				LastSwiftUpdateCheck = 0800;
				LastUpgradeCheck = 0800;
				ORGANIZATIONNAME = "Keun young Kim";
				TargetAttributes = {
					1AB70A241DA86C9C002EF9FF = {
						CreatedOnToolsVersion = 8.0;
						ProvisioningStyle = Automatic;
					};
				};
			};
			buildConfigurationList = 1AB70A201DA86C9C002EF9FF /* Build configuration list for PBXProject "ThreadSwift2" */;
			compatibilityVersion = "Xcode 3.2";
			developmentRegion = English;
			hasScannedForEncodings = 0;
			knownRegions = (
				en,
				Base,
			);
			mainGroup = 1AB70A1C1DA86C9C002EF9FF;
			productRefGroup = 1AB70A261DA86C9C002EF9FF /* Products */;
			projectDirPath = "";
			projectRoot = "";
			targets = (
				1AB70A241DA86C9C002EF9FF /* ThreadSwift2 */,
			);
		};
/* End PBXProject section */

/* Begin PBXResourcesBuildPhase section */
		1AB70A231DA86C9C002EF9FF /* Resources */ = {
			isa = PBXResourcesBuildPhase;
			buildActionMask = 2147483647;
			files = (
				1AB70A331DA86C9C002EF9FF /* LaunchScreen.storyboard in Resources */,
				1AB70A301DA86C9C002EF9FF /* Assets.xcassets in Resources */,
				1AB70A2E1DA86C9C002EF9FF /* Main.storyboard in Resources */,
			);
			runOnlyForDeploymentPostprocessing = 0;
		};
/* End PBXResourcesBuildPhase section */

/* Begin PBXSourcesBuildPhase section */
		1AB70A211DA86C9C002EF9FF /* Sources */ = {
			isa = PBXSourcesBuildPhase;
			buildActionMask = 2147483647;
			files = (
				1AB70A2B1DA86C9C002EF9FF /* ViewController.swift in Sources */,
				1AB70A291DA86C9C002EF9FF /* AppDelegate.swift in Sources */,
			);
			runOnlyForDeploymentPostprocessing = 0;
		};
/* End PBXSourcesBuildPhase section */

/* Begin PBXVariantGroup section */
		1AB70A2C1DA86C9C002EF9FF /* Main.storyboard */ = {
			isa = PBXVariantGroup;
			children = (
				1AB70A2D1DA86C9C002EF9FF /* Base */,
			);
			name = Main.storyboard;
			sourceTree = "<group>";
		};
		1AB70A311DA86C9C002EF9FF /* LaunchScreen.storyboard */ = {
			isa = PBXVariantGroup;
			children = (
				1AB70A321DA86C9C002EF9FF /* Base */,
			);
			name = LaunchScreen.storyboard;
			sourceTree = "<group>";
		};
/* End PBXVariantGroup section */

/* Begin XCBuildConfiguration section */
		1AB70A351DA86C9C002EF9FF /* Debug */ = {
			isa = XCBuildConfiguration;
			buildSettings = {
				ALWAYS_SEARCH_USER_PATHS = NO;
				CLANG_ANALYZER_NONNULL = YES;
				CLANG_CXX_LANGUAGE_STANDARD = "gnu++0x";
				CLANG_CXX_LIBRARY = "libc++";
				CLANG_ENABLE_MODULES = YES;
				CLANG_ENABLE_OBJC_ARC = YES;
				CLANG_WARN_BOOL_CONVERSION = YES;
				CLANG_WARN_CONSTANT_CONVERSION = YES;
				CLANG_WARN_DIRECT_OBJC_ISA_USAGE = YES_ERROR;
				CLANG_WARN_DOCUMENTATION_COMMENTS = YES;
				CLANG_WARN_EMPTY_BODY = YES;
				CLANG_WARN_ENUM_CONVERSION = YES;
				CLANG_WARN_INFINITE_RECURSION = YES;
				CLANG_WARN_INT_CONVERSION = YES;
				CLANG_WARN_OBJC_ROOT_CLASS = YES_ERROR;
				CLANG_WARN_SUSPICIOUS_MOVES = YES;
				CLANG_WARN_UNREACHABLE_CODE = YES;
				CLANG_WARN__DUPLICATE_METHOD_MATCH = YES;
				"CODE_SIGN_IDENTITY[sdk=iphoneos*]" = "iPhone Developer";
				COPY_PHASE_STRIP = NO;
				DEBUG_INFORMATION_FORMAT = dwarf;
				ENABLE_STRICT_OBJC_MSGSEND = YES;
				ENABLE_TESTABILITY = YES;
				GCC_C_LANGUAGE_STANDARD = gnu99;
				GCC_DYNAMIC_NO_PIC = NO;
				GCC_NO_COMMON_BLOCKS = YES;
				GCC_OPTIMIZATION_LEVEL = 0;
				GCC_PREPROCESSOR_DEFINITIONS = (
					"DEBUG=1",
					"$(inherited)",
				);
				GCC_WARN_64_TO_32_BIT_CONVERSION = YES;
				GCC_WARN_ABOUT_RETURN_TYPE = YES_ERROR;
				GCC_WARN_UNDECLARED_SELECTOR = YES;
				GCC_WARN_UNINITIALIZED_AUTOS = YES_AGGRESSIVE;
				GCC_WARN_UNUSED_FUNCTION = YES;
				GCC_WARN_UNUSED_VARIABLE = YES;
				IPHONEOS_DEPLOYMENT_TARGET = 10.0;
				MTL_ENABLE_DEBUG_INFO = YES;
				ONLY_ACTIVE_ARCH = YES;
				SDKROOT = iphoneos;
				SWIFT_ACTIVE_COMPILATION_CONDITIONS = DEBUG;
				SWIFT_OPTIMIZATION_LEVEL = "-Onone";
				TARGETED_DEVICE_FAMILY = "1,2";
			};
			name = Debug;
		};
		1AB70A361DA86C9C002EF9FF /* Release */ = {
			isa = XCBuildConfiguration;
			buildSettings = {
				ALWAYS_SEARCH_USER_PATHS = NO;
				CLANG_ANALYZER_NONNULL = YES;
				CLANG_CXX_LANGUAGE_STANDARD = "gnu++0x";
				CLANG_CXX_LIBRARY = "libc++";
				CLANG_ENABLE_MODULES = YES;
				CLANG_ENABLE_OBJC_ARC = YES;
				CLANG_WARN_BOOL_CONVERSION = YES;
				CLANG_WARN_CONSTANT_CONVERSION = YES;
				CLANG_WARN_DIRECT_OBJC_ISA_USAGE = YES_ERROR;
				CLANG_WARN_DOCUMENTATION_COMMENTS = YES;
				CLANG_WARN_EMPTY_BODY = YES;
				CLANG_WARN_ENUM_CONVERSION = YES;
				CLANG_WARN_INFINITE_RECURSION = YES;
				CLANG_WARN_INT_CONVERSION = YES;
				CLANG_WARN_OBJC_ROOT_CLASS = YES_ERROR;
				CLANG_WARN_SUSPICIOUS_MOVES = YES;
				CLANG_WARN_UNREACHABLE_CODE = YES;
				CLANG_WARN__DUPLICATE_METHOD_MATCH = YES;
				"CODE_SIGN_IDENTITY[sdk=iphoneos*]" = "iPhone Developer";
				COPY_PHASE_STRIP = NO;
				DEBUG_INFORMATION_FORMAT = "dwarf-with-dsym";
				ENABLE_NS_ASSERTIONS = NO;
				ENABLE_STRICT_OBJC_MSGSEND = YES;
				GCC_C_LANGUAGE_STANDARD = gnu99;
				GCC_NO_COMMON_BLOCKS = YES;
				GCC_WARN_64_TO_32_BIT_CONVERSION = YES;
				GCC_WARN_ABOUT_RETURN_TYPE = YES_ERROR;
				GCC_WARN_UNDECLARED_SELECTOR = YES;
				GCC_WARN_UNINITIALIZED_AUTOS = YES_AGGRESSIVE;
				GCC_WARN_UNUSED_FUNCTION = YES;
				GCC_WARN_UNUSED_VARIABLE = YES;
				IPHONEOS_DEPLOYMENT_TARGET = 10.0;
				MTL_ENABLE_DEBUG_INFO = NO;
				SDKROOT = iphoneos;
				SWIFT_OPTIMIZATION_LEVEL = "-Owholemodule";
				TARGETED_DEVICE_FAMILY = "1,2";
				VALIDATE_PRODUCT = YES;
			};
			name = Release;
		};
		1AB70A381DA86C9C002EF9FF /* Debug */ = {
			isa = XCBuildConfiguration;
			buildSettings = {
				ASSETCATALOG_COMPILER_APPICON_NAME = AppIcon;
				INFOPLIST_FILE = Swift2/Info.plist;
				IPHONEOS_DEPLOYMENT_TARGET = 8.0;
				LD_RUNPATH_SEARCH_PATHS = "$(inherited) @executable_path/Frameworks";
				PRODUCT_BUNDLE_IDENTIFIER = com.meetkei.Swift2;
				PRODUCT_NAME = "$(TARGET_NAME)";
				SWIFT_VERSION = 2.3;
			};
			name = Debug;
		};
		1AB70A391DA86C9C002EF9FF /* Release */ = {
			isa = XCBuildConfiguration;
			buildSettings = {
				ASSETCATALOG_COMPILER_APPICON_NAME = AppIcon;
				INFOPLIST_FILE = Swift2/Info.plist;
				IPHONEOS_DEPLOYMENT_TARGET = 8.0;
				LD_RUNPATH_SEARCH_PATHS = "$(inherited) @executable_path/Frameworks";
				PRODUCT_BUNDLE_IDENTIFIER = com.meetkei.Swift2;
				PRODUCT_NAME = "$(TARGET_NAME)";
				SWIFT_VERSION = 2.3;
			};
			name = Release;
		};
/* End XCBuildConfiguration section */

/* Begin XCConfigurationList section */
		1AB70A201DA86C9C002EF9FF /* Build configuration list for PBXProject "ThreadSwift2" */ = {
			isa = XCConfigurationList;
			buildConfigurations = (
				1AB70A351DA86C9C002EF9FF /* Debug */,
				1AB70A361DA86C9C002EF9FF /* Release */,
			);
			defaultConfigurationIsVisible = 0;
			defaultConfigurationName = Release;
		};
		1AB70A371DA86C9C002EF9FF /* Build configuration list for PBXNativeTarget "ThreadSwift2" */ = {
			isa = XCConfigurationList;
			buildConfigurations = (
				1AB70A381DA86C9C002EF9FF /* Debug */,
				1AB70A391DA86C9C002EF9FF /* Release */,
			);
			defaultConfigurationIsVisible = 0;
			defaultConfigurationName = Release;
		};
/* End XCConfigurationList section */
	};
	rootObject = 1AB70A1D1DA86C9C002EF9FF /* Project object */;
}
