// !$*UTF8*$!
{
	archiveVersion = 1;
	classes = {
	};
	objectVersion = 46;
	objects = {

/* Begin PBXBuildFile section */
		1ACCC8A61D7F8DB7006EECCA /* main.m in Sources */ = {isa = PBXBuildFile; fileRef = 1ACCC8A51D7F8DB7006EECCA /* main.m */; };
		1ACCC8B71D7F8E16006EECCA /* Device.m in Sources */ = {isa = PBXBuildFile; fileRef = 1ACCC8AD1D7F8E16006EECCA /* Device.m */; };
		1ACCC8B81D7F8E16006EECCA /* DVDPlayer.m in Sources */ = {isa = PBXBuildFile; fileRef = 1ACCC8AF1D7F8E16006EECCA /* DVDPlayer.m */; };
		1ACCC8B91D7F8E16006EECCA /* MP3Player.m in Sources */ = {isa = PBXBuildFile; fileRef = 1ACCC8B11D7F8E16006EECCA /* MP3Player.m */; };
		1ACCC8BA1D7F8E16006EECCA /* RemoteController.m in Sources */ = {isa = PBXBuildFile; fileRef = 1ACCC8B41D7F8E16006EECCA /* RemoteController.m */; };
		1ACCC8BB1D7F8E16006EECCA /* SmartTV.m in Sources */ = {isa = PBXBuildFile; fileRef = 1ACCC8B61D7F8E16006EECCA /* SmartTV.m */; };
		1ACCC8BE1D7F9048006EECCA /* MacBook.m in Sources */ = {isa = PBXBuildFile; fileRef = 1ACCC8BD1D7F9048006EECCA /* MacBook.m */; };
		1ACCC8C11D7F90DB006EECCA /* AppleMusicDevice.m in Sources */ = {isa = PBXBuildFile; fileRef = 1ACCC8C01D7F90DB006EECCA /* AppleMusicDevice.m */; };
		1ACCC8C41D7F917F006EECCA /* AppleMediaDeviceCenter.m in Sources */ = {isa = PBXBuildFile; fileRef = 1ACCC8C31D7F917F006EECCA /* AppleMediaDeviceCenter.m */; };
/* End PBXBuildFile section */

/* Begin PBXCopyFilesBuildPhase section */
		1ACCC8A01D7F8DB7006EECCA /* CopyFiles */ = {
			isa = PBXCopyFilesBuildPhase;
			buildActionMask = 2147483647;
			dstPath = /usr/share/man/man1/;
			dstSubfolderSpec = 0;
			files = (
			);
			runOnlyForDeploymentPostprocessing = 1;
		};
/* End PBXCopyFilesBuildPhase section */

/* Begin PBXFileReference section */
		1ACCC8A21D7F8DB7006EECCA /* CompositionObjC */ = {isa = PBXFileReference; explicitFileType = "compiled.mach-o.executable"; includeInIndex = 0; path = CompositionObjC; sourceTree = BUILT_PRODUCTS_DIR; };
		1ACCC8A51D7F8DB7006EECCA /* main.m */ = {isa = PBXFileReference; lastKnownFileType = sourcecode.c.objc; path = main.m; sourceTree = "<group>"; };
		1ACCC8AC1D7F8E16006EECCA /* Device.h */ = {isa = PBXFileReference; fileEncoding = 4; lastKnownFileType = sourcecode.c.h; path = Device.h; sourceTree = "<group>"; };
		1ACCC8AD1D7F8E16006EECCA /* Device.m */ = {isa = PBXFileReference; fileEncoding = 4; lastKnownFileType = sourcecode.c.objc; path = Device.m; sourceTree = "<group>"; };
		1ACCC8AE1D7F8E16006EECCA /* DVDPlayer.h */ = {isa = PBXFileReference; fileEncoding = 4; lastKnownFileType = sourcecode.c.h; path = DVDPlayer.h; sourceTree = "<group>"; };
		1ACCC8AF1D7F8E16006EECCA /* DVDPlayer.m */ = {isa = PBXFileReference; fileEncoding = 4; lastKnownFileType = sourcecode.c.objc; path = DVDPlayer.m; sourceTree = "<group>"; };
		1ACCC8B01D7F8E16006EECCA /* MP3Player.h */ = {isa = PBXFileReference; fileEncoding = 4; lastKnownFileType = sourcecode.c.h; path = MP3Player.h; sourceTree = "<group>"; };
		1ACCC8B11D7F8E16006EECCA /* MP3Player.m */ = {isa = PBXFileReference; fileEncoding = 4; lastKnownFileType = sourcecode.c.objc; path = MP3Player.m; sourceTree = "<group>"; };
		1ACCC8B21D7F8E16006EECCA /* Protocols.h */ = {isa = PBXFileReference; fileEncoding = 4; lastKnownFileType = sourcecode.c.h; path = Protocols.h; sourceTree = "<group>"; };
		1ACCC8B31D7F8E16006EECCA /* RemoteController.h */ = {isa = PBXFileReference; fileEncoding = 4; lastKnownFileType = sourcecode.c.h; path = RemoteController.h; sourceTree = "<group>"; };
		1ACCC8B41D7F8E16006EECCA /* RemoteController.m */ = {isa = PBXFileReference; fileEncoding = 4; lastKnownFileType = sourcecode.c.objc; path = RemoteController.m; sourceTree = "<group>"; };
		1ACCC8B51D7F8E16006EECCA /* SmartTV.h */ = {isa = PBXFileReference; fileEncoding = 4; lastKnownFileType = sourcecode.c.h; path = SmartTV.h; sourceTree = "<group>"; };
		1ACCC8B61D7F8E16006EECCA /* SmartTV.m */ = {isa = PBXFileReference; fileEncoding = 4; lastKnownFileType = sourcecode.c.objc; path = SmartTV.m; sourceTree = "<group>"; };
		1ACCC8BC1D7F9048006EECCA /* MacBook.h */ = {isa = PBXFileReference; fileEncoding = 4; lastKnownFileType = sourcecode.c.h; path = MacBook.h; sourceTree = "<group>"; };
		1ACCC8BD1D7F9048006EECCA /* MacBook.m */ = {isa = PBXFileReference; fileEncoding = 4; lastKnownFileType = sourcecode.c.objc; path = MacBook.m; sourceTree = "<group>"; };
		1ACCC8BF1D7F90DB006EECCA /* AppleMusicDevice.h */ = {isa = PBXFileReference; fileEncoding = 4; lastKnownFileType = sourcecode.c.h; path = AppleMusicDevice.h; sourceTree = "<group>"; };
		1ACCC8C01D7F90DB006EECCA /* AppleMusicDevice.m */ = {isa = PBXFileReference; fileEncoding = 4; lastKnownFileType = sourcecode.c.objc; path = AppleMusicDevice.m; sourceTree = "<group>"; };
		1ACCC8C21D7F917F006EECCA /* AppleMediaDeviceCenter.h */ = {isa = PBXFileReference; fileEncoding = 4; lastKnownFileType = sourcecode.c.h; path = AppleMediaDeviceCenter.h; sourceTree = "<group>"; };
		1ACCC8C31D7F917F006EECCA /* AppleMediaDeviceCenter.m */ = {isa = PBXFileReference; fileEncoding = 4; lastKnownFileType = sourcecode.c.objc; path = AppleMediaDeviceCenter.m; sourceTree = "<group>"; };
/* End PBXFileReference section */

/* Begin PBXFrameworksBuildPhase section */
		1ACCC89F1D7F8DB7006EECCA /* Frameworks */ = {
			isa = PBXFrameworksBuildPhase;
			buildActionMask = 2147483647;
			files = (
			);
			runOnlyForDeploymentPostprocessing = 0;
		};
/* End PBXFrameworksBuildPhase section */

/* Begin PBXGroup section */
		1ACCC8991D7F8DB7006EECCA = {
			isa = PBXGroup;
			children = (
				1ACCC8A41D7F8DB7006EECCA /* CompositionObjC */,
				1ACCC8A31D7F8DB7006EECCA /* Products */,
			);
			sourceTree = "<group>";
		};
		1ACCC8A31D7F8DB7006EECCA /* Products */ = {
			isa = PBXGroup;
			children = (
				1ACCC8A21D7F8DB7006EECCA /* CompositionObjC */,
			);
			name = Products;
			sourceTree = "<group>";
		};
		1ACCC8A41D7F8DB7006EECCA /* CompositionObjC */ = {
			isa = PBXGroup;
			children = (
				1ACCC8AC1D7F8E16006EECCA /* Device.h */,
				1ACCC8AD1D7F8E16006EECCA /* Device.m */,
				1ACCC8AE1D7F8E16006EECCA /* DVDPlayer.h */,
				1ACCC8AF1D7F8E16006EECCA /* DVDPlayer.m */,
				1ACCC8B01D7F8E16006EECCA /* MP3Player.h */,
				1ACCC8B11D7F8E16006EECCA /* MP3Player.m */,
				1ACCC8B21D7F8E16006EECCA /* Protocols.h */,
				1ACCC8B31D7F8E16006EECCA /* RemoteController.h */,
				1ACCC8B41D7F8E16006EECCA /* RemoteController.m */,
				1ACCC8B51D7F8E16006EECCA /* SmartTV.h */,
				1ACCC8B61D7F8E16006EECCA /* SmartTV.m */,
				1ACCC8A51D7F8DB7006EECCA /* main.m */,
				1ACCC8BC1D7F9048006EECCA /* MacBook.h */,
				1ACCC8BD1D7F9048006EECCA /* MacBook.m */,
				1ACCC8BF1D7F90DB006EECCA /* AppleMusicDevice.h */,
				1ACCC8C01D7F90DB006EECCA /* AppleMusicDevice.m */,
				1ACCC8C21D7F917F006EECCA /* AppleMediaDeviceCenter.h */,
				1ACCC8C31D7F917F006EECCA /* AppleMediaDeviceCenter.m */,
			);
			path = CompositionObjC;
			sourceTree = "<group>";
		};
/* End PBXGroup section */

/* Begin PBXNativeTarget section */
		1ACCC8A11D7F8DB7006EECCA /* CompositionObjC */ = {
			isa = PBXNativeTarget;
			buildConfigurationList = 1ACCC8A91D7F8DB7006EECCA /* Build configuration list for PBXNativeTarget "CompositionObjC" */;
			buildPhases = (
				1ACCC89E1D7F8DB7006EECCA /* Sources */,
				1ACCC89F1D7F8DB7006EECCA /* Frameworks */,
				1ACCC8A01D7F8DB7006EECCA /* CopyFiles */,
			);
			buildRules = (
			);
			dependencies = (
			);
			name = CompositionObjC;
			productName = CompositionObjC;
			productReference = 1ACCC8A21D7F8DB7006EECCA /* CompositionObjC */;
			productType = "com.apple.product-type.tool";
		};
/* End PBXNativeTarget section */

/* Begin PBXProject section */
		1ACCC89A1D7F8DB7006EECCA /* Project object */ = {
			isa = PBXProject;
			attributes = {
				LastUpgradeCheck = 0800;
				ORGANIZATIONNAME = "Keun young Kim";
				TargetAttributes = {
					1ACCC8A11D7F8DB7006EECCA = {
						CreatedOnToolsVersion = 8.0;
						ProvisioningStyle = Automatic;
					};
				};
			};
			buildConfigurationList = 1ACCC89D1D7F8DB7006EECCA /* Build configuration list for PBXProject "CompositionObjC" */;
			compatibilityVersion = "Xcode 3.2";
			developmentRegion = English;
			hasScannedForEncodings = 0;
			knownRegions = (
				en,
			);
			mainGroup = 1ACCC8991D7F8DB7006EECCA;
			productRefGroup = 1ACCC8A31D7F8DB7006EECCA /* Products */;
			projectDirPath = "";
			projectRoot = "";
			targets = (
				1ACCC8A11D7F8DB7006EECCA /* CompositionObjC */,
			);
		};
/* End PBXProject section */

/* Begin PBXSourcesBuildPhase section */
		1ACCC89E1D7F8DB7006EECCA /* Sources */ = {
			isa = PBXSourcesBuildPhase;
			buildActionMask = 2147483647;
			files = (
				1ACCC8C11D7F90DB006EECCA /* AppleMusicDevice.m in Sources */,
				1ACCC8C41D7F917F006EECCA /* AppleMediaDeviceCenter.m in Sources */,
				1ACCC8B81D7F8E16006EECCA /* DVDPlayer.m in Sources */,
				1ACCC8BA1D7F8E16006EECCA /* RemoteController.m in Sources */,
				1ACCC8BE1D7F9048006EECCA /* MacBook.m in Sources */,
				1ACCC8A61D7F8DB7006EECCA /* main.m in Sources */,
				1ACCC8B71D7F8E16006EECCA /* Device.m in Sources */,
				1ACCC8B91D7F8E16006EECCA /* MP3Player.m in Sources */,
				1ACCC8BB1D7F8E16006EECCA /* SmartTV.m in Sources */,
			);
			runOnlyForDeploymentPostprocessing = 0;
		};
/* End PBXSourcesBuildPhase section */

/* Begin XCBuildConfiguration section */
		1ACCC8A71D7F8DB7006EECCA /* Debug */ = {
			isa = XCBuildConfiguration;
			buildSettings = {
				ALWAYS_SEARCH_USER_PATHS = NO;
				CLANG_ANALYZER_NONNULL = YES;
				CLANG_CXX_LANGUAGE_STANDARD = "gnu++0x";
				CLANG_CXX_LIBRARY = "libc++";
				CLANG_ENABLE_MODULES = YES;
				CLANG_ENABLE_OBJC_ARC = YES;
				CLANG_WARN_BOOL_CONVERSION = YES;
				CLANG_WARN_CONSTANT_CONVERSION = YES;
				CLANG_WARN_DIRECT_OBJC_ISA_USAGE = YES_ERROR;
				CLANG_WARN_DOCUMENTATION_COMMENTS = YES;
				CLANG_WARN_EMPTY_BODY = YES;
				CLANG_WARN_ENUM_CONVERSION = YES;
				CLANG_WARN_INFINITE_RECURSION = YES;
				CLANG_WARN_INT_CONVERSION = YES;
				CLANG_WARN_OBJC_ROOT_CLASS = YES_ERROR;
				CLANG_WARN_SUSPICIOUS_MOVES = YES;
				CLANG_WARN_UNREACHABLE_CODE = YES;
				CLANG_WARN__DUPLICATE_METHOD_MATCH = YES;
				CODE_SIGN_IDENTITY = "-";
				COPY_PHASE_STRIP = NO;
				DEBUG_INFORMATION_FORMAT = dwarf;
				ENABLE_STRICT_OBJC_MSGSEND = YES;
				ENABLE_TESTABILITY = YES;
				GCC_C_LANGUAGE_STANDARD = gnu99;
				GCC_DYNAMIC_NO_PIC = NO;
				GCC_NO_COMMON_BLOCKS = YES;
				GCC_OPTIMIZATION_LEVEL = 0;
				GCC_PREPROCESSOR_DEFINITIONS = (
					"DEBUG=1",
					"$(inherited)",
				);
				GCC_WARN_64_TO_32_BIT_CONVERSION = YES;
				GCC_WARN_ABOUT_RETURN_TYPE = YES_ERROR;
				GCC_WARN_UNDECLARED_SELECTOR = YES;
				GCC_WARN_UNINITIALIZED_AUTOS = YES_AGGRESSIVE;
				GCC_WARN_UNUSED_FUNCTION = YES;
				GCC_WARN_UNUSED_VARIABLE = YES;
				MACOSX_DEPLOYMENT_TARGET = 10.12;
				MTL_ENABLE_DEBUG_INFO = YES;
				ONLY_ACTIVE_ARCH = YES;
				SDKROOT = macosx;
			};
			name = Debug;
		};
		1ACCC8A81D7F8DB7006EECCA /* Release */ = {
			isa = XCBuildConfiguration;
			buildSettings = {
				ALWAYS_SEARCH_USER_PATHS = NO;
				CLANG_ANALYZER_NONNULL = YES;
				CLANG_CXX_LANGUAGE_STANDARD = "gnu++0x";
				CLANG_CXX_LIBRARY = "libc++";
				CLANG_ENABLE_MODULES = YES;
				CLANG_ENABLE_OBJC_ARC = YES;
				CLANG_WARN_BOOL_CONVERSION = YES;
				CLANG_WARN_CONSTANT_CONVERSION = YES;
				CLANG_WARN_DIRECT_OBJC_ISA_USAGE = YES_ERROR;
				CLANG_WARN_DOCUMENTATION_COMMENTS = YES;
				CLANG_WARN_EMPTY_BODY = YES;
				CLANG_WARN_ENUM_CONVERSION = YES;
				CLANG_WARN_INFINITE_RECURSION = YES;
				CLANG_WARN_INT_CONVERSION = YES;
				CLANG_WARN_OBJC_ROOT_CLASS = YES_ERROR;
				CLANG_WARN_SUSPICIOUS_MOVES = YES;
				CLANG_WARN_UNREACHABLE_CODE = YES;
				CLANG_WARN__DUPLICATE_METHOD_MATCH = YES;
				CODE_SIGN_IDENTITY = "-";
				COPY_PHASE_STRIP = NO;
				DEBUG_INFORMATION_FORMAT = "dwarf-with-dsym";
				ENABLE_NS_ASSERTIONS = NO;
				ENABLE_STRICT_OBJC_MSGSEND = YES;
				GCC_C_LANGUAGE_STANDARD = gnu99;
				GCC_NO_COMMON_BLOCKS = YES;
				GCC_WARN_64_TO_32_BIT_CONVERSION = YES;
				GCC_WARN_ABOUT_RETURN_TYPE = YES_ERROR;
				GCC_WARN_UNDECLARED_SELECTOR = YES;
				GCC_WARN_UNINITIALIZED_AUTOS = YES_AGGRESSIVE;
				GCC_WARN_UNUSED_FUNCTION = YES;
				GCC_WARN_UNUSED_VARIABLE = YES;
				MACOSX_DEPLOYMENT_TARGET = 10.12;
				MTL_ENABLE_DEBUG_INFO = NO;
				SDKROOT = macosx;
			};
			name = Release;
		};
		1ACCC8AA1D7F8DB7006EECCA /* Debug */ = {
			isa = XCBuildConfiguration;
			buildSettings = {
				MACOSX_DEPLOYMENT_TARGET = 10.6;
				PRODUCT_NAME = "$(TARGET_NAME)";
			};
			name = Debug;
		};
		1ACCC8AB1D7F8DB7006EECCA /* Release */ = {
			isa = XCBuildConfiguration;
			buildSettings = {
				MACOSX_DEPLOYMENT_TARGET = 10.6;
				PRODUCT_NAME = "$(TARGET_NAME)";
			};
			name = Release;
		};
/* End XCBuildConfiguration section */

/* Begin XCConfigurationList section */
		1ACCC89D1D7F8DB7006EECCA /* Build configuration list for PBXProject "CompositionObjC" */ = {
			isa = XCConfigurationList;
			buildConfigurations = (
				1ACCC8A71D7F8DB7006EECCA /* Debug */,
				1ACCC8A81D7F8DB7006EECCA /* Release */,
			);
			defaultConfigurationIsVisible = 0;
			defaultConfigurationName = Release;
		};
		1ACCC8A91D7F8DB7006EECCA /* Build configuration list for PBXNativeTarget "CompositionObjC" */ = {
			isa = XCConfigurationList;
			buildConfigurations = (
				1ACCC8AA1D7F8DB7006EECCA /* Debug */,
				1ACCC8AB1D7F8DB7006EECCA /* Release */,
			);
			defaultConfigurationIsVisible = 0;
		};
/* End XCConfigurationList section */
	};
	rootObject = 1ACCC89A1D7F8DB7006EECCA /* Project object */;
}
