// !$*UTF8*$!
{
	archiveVersion = 1;
	classes = {
	};
	objectVersion = 46;
	objects = {

/* Begin PBXBuildFile section */
		1ACCC7BB1D7F3809006EECCA /* main.m in Sources */ = {isa = PBXBuildFile; fileRef = 1ACCC7BA1D7F3809006EECCA /* main.m */; };
		1ACCC7C31D7F3815006EECCA /* Person.m in Sources */ = {isa = PBXBuildFile; fileRef = 1ACCC7C21D7F3815006EECCA /* Person.m */; };
/* End PBXBuildFile section */

/* Begin PBXCopyFilesBuildPhase section */
		1ACCC7B51D7F3809006EECCA /* CopyFiles */ = {
			isa = PBXCopyFilesBuildPhase;
			buildActionMask = 2147483647;
			dstPath = /usr/share/man/man1/;
			dstSubfolderSpec = 0;
			files = (
			);
			runOnlyForDeploymentPostprocessing = 1;
		};
/* End PBXCopyFilesBuildPhase section */

/* Begin PBXFileReference section */
		1ACCC7B71D7F3809006EECCA /* ReadOnlyObjC */ = {isa = PBXFileReference; explicitFileType = "compiled.mach-o.executable"; includeInIndex = 0; path = ReadOnlyObjC; sourceTree = BUILT_PRODUCTS_DIR; };
		1ACCC7BA1D7F3809006EECCA /* main.m */ = {isa = PBXFileReference; lastKnownFileType = sourcecode.c.objc; path = main.m; sourceTree = "<group>"; };
		1ACCC7C11D7F3815006EECCA /* Person.h */ = {isa = PBXFileReference; fileEncoding = 4; lastKnownFileType = sourcecode.c.h; path = Person.h; sourceTree = "<group>"; };
		1ACCC7C21D7F3815006EECCA /* Person.m */ = {isa = PBXFileReference; fileEncoding = 4; lastKnownFileType = sourcecode.c.objc; path = Person.m; sourceTree = "<group>"; };
/* End PBXFileReference section */

/* Begin PBXFrameworksBuildPhase section */
		1ACCC7B41D7F3809006EECCA /* Frameworks */ = {
			isa = PBXFrameworksBuildPhase;
			buildActionMask = 2147483647;
			files = (
			);
			runOnlyForDeploymentPostprocessing = 0;
		};
/* End PBXFrameworksBuildPhase section */

/* Begin PBXGroup section */
		1ACCC7AE1D7F3809006EECCA = {
			isa = PBXGroup;
			children = (
				1ACCC7B91D7F3809006EECCA /* ReadOnlyObjC */,
				1ACCC7B81D7F3809006EECCA /* Products */,
			);
			sourceTree = "<group>";
		};
		1ACCC7B81D7F3809006EECCA /* Products */ = {
			isa = PBXGroup;
			children = (
				1ACCC7B71D7F3809006EECCA /* ReadOnlyObjC */,
			);
			name = Products;
			sourceTree = "<group>";
		};
		1ACCC7B91D7F3809006EECCA /* ReadOnlyObjC */ = {
			isa = PBXGroup;
			children = (
				1ACCC7BA1D7F3809006EECCA /* main.m */,
				1ACCC7C11D7F3815006EECCA /* Person.h */,
				1ACCC7C21D7F3815006EECCA /* Person.m */,
			);
			path = ReadOnlyObjC;
			sourceTree = "<group>";
		};
/* End PBXGroup section */

/* Begin PBXNativeTarget section */
		1ACCC7B61D7F3809006EECCA /* ReadOnlyObjC */ = {
			isa = PBXNativeTarget;
			buildConfigurationList = 1ACCC7BE1D7F3809006EECCA /* Build configuration list for PBXNativeTarget "ReadOnlyObjC" */;
			buildPhases = (
				1ACCC7B31D7F3809006EECCA /* Sources */,
				1ACCC7B41D7F3809006EECCA /* Frameworks */,
				1ACCC7B51D7F3809006EECCA /* CopyFiles */,
			);
			buildRules = (
			);
			dependencies = (
			);
			name = ReadOnlyObjC;
			productName = ReadOnlyObjC;
			productReference = 1ACCC7B71D7F3809006EECCA /* ReadOnlyObjC */;
			productType = "com.apple.product-type.tool";
		};
/* End PBXNativeTarget section */

/* Begin PBXProject section */
		1ACCC7AF1D7F3809006EECCA /* Project object */ = {
			isa = PBXProject;
			attributes = {
				LastUpgradeCheck = 0800;
				ORGANIZATIONNAME = "Keun young Kim";
				TargetAttributes = {
					1ACCC7B61D7F3809006EECCA = {
						CreatedOnToolsVersion = 8.0;
						ProvisioningStyle = Automatic;
					};
				};
			};
			buildConfigurationList = 1ACCC7B21D7F3809006EECCA /* Build configuration list for PBXProject "ReadOnlyObjC" */;
			compatibilityVersion = "Xcode 3.2";
			developmentRegion = English;
			hasScannedForEncodings = 0;
			knownRegions = (
				en,
			);
			mainGroup = 1ACCC7AE1D7F3809006EECCA;
			productRefGroup = 1ACCC7B81D7F3809006EECCA /* Products */;
			projectDirPath = "";
			projectRoot = "";
			targets = (
				1ACCC7B61D7F3809006EECCA /* ReadOnlyObjC */,
			);
		};
/* End PBXProject section */

/* Begin PBXSourcesBuildPhase section */
		1ACCC7B31D7F3809006EECCA /* Sources */ = {
			isa = PBXSourcesBuildPhase;
			buildActionMask = 2147483647;
			files = (
				1ACCC7C31D7F3815006EECCA /* Person.m in Sources */,
				1ACCC7BB1D7F3809006EECCA /* main.m in Sources */,
			);
			runOnlyForDeploymentPostprocessing = 0;
		};
/* End PBXSourcesBuildPhase section */

/* Begin XCBuildConfiguration section */
		1ACCC7BC1D7F3809006EECCA /* Debug */ = {
			isa = XCBuildConfiguration;
			buildSettings = {
				ALWAYS_SEARCH_USER_PATHS = NO;
				CLANG_ANALYZER_NONNULL = YES;
				CLANG_CXX_LANGUAGE_STANDARD = "gnu++0x";
				CLANG_CXX_LIBRARY = "libc++";
				CLANG_ENABLE_MODULES = YES;
				CLANG_ENABLE_OBJC_ARC = YES;
				CLANG_WARN_BOOL_CONVERSION = YES;
				CLANG_WARN_CONSTANT_CONVERSION = YES;
				CLANG_WARN_DIRECT_OBJC_ISA_USAGE = YES_ERROR;
				CLANG_WARN_DOCUMENTATION_COMMENTS = YES;
				CLANG_WARN_EMPTY_BODY = YES;
				CLANG_WARN_ENUM_CONVERSION = YES;
				CLANG_WARN_INFINITE_RECURSION = YES;
				CLANG_WARN_INT_CONVERSION = YES;
				CLANG_WARN_OBJC_ROOT_CLASS = YES_ERROR;
				CLANG_WARN_SUSPICIOUS_MOVES = YES;
				CLANG_WARN_UNREACHABLE_CODE = YES;
				CLANG_WARN__DUPLICATE_METHOD_MATCH = YES;
				CODE_SIGN_IDENTITY = "-";
				COPY_PHASE_STRIP = NO;
				DEBUG_INFORMATION_FORMAT = dwarf;
				ENABLE_STRICT_OBJC_MSGSEND = YES;
				ENABLE_TESTABILITY = YES;
				GCC_C_LANGUAGE_STANDARD = gnu99;
				GCC_DYNAMIC_NO_PIC = NO;
				GCC_NO_COMMON_BLOCKS = YES;
				GCC_OPTIMIZATION_LEVEL = 0;
				GCC_PREPROCESSOR_DEFINITIONS = (
					"DEBUG=1",
					"$(inherited)",
				);
				GCC_WARN_64_TO_32_BIT_CONVERSION = YES;
				GCC_WARN_ABOUT_RETURN_TYPE = YES_ERROR;
				GCC_WARN_UNDECLARED_SELECTOR = YES;
				GCC_WARN_UNINITIALIZED_AUTOS = YES_AGGRESSIVE;
				GCC_WARN_UNUSED_FUNCTION = YES;
				GCC_WARN_UNUSED_VARIABLE = YES;
				MACOSX_DEPLOYMENT_TARGET = 10.12;
				MTL_ENABLE_DEBUG_INFO = YES;
				ONLY_ACTIVE_ARCH = YES;
				SDKROOT = macosx;
			};
			name = Debug;
		};
		1ACCC7BD1D7F3809006EECCA /* Release */ = {
			isa = XCBuildConfiguration;
			buildSettings = {
				ALWAYS_SEARCH_USER_PATHS = NO;
				CLANG_ANALYZER_NONNULL = YES;
				CLANG_CXX_LANGUAGE_STANDARD = "gnu++0x";
				CLANG_CXX_LIBRARY = "libc++";
				CLANG_ENABLE_MODULES = YES;
				CLANG_ENABLE_OBJC_ARC = YES;
				CLANG_WARN_BOOL_CONVERSION = YES;
				CLANG_WARN_CONSTANT_CONVERSION = YES;
				CLANG_WARN_DIRECT_OBJC_ISA_USAGE = YES_ERROR;
				CLANG_WARN_DOCUMENTATION_COMMENTS = YES;
				CLANG_WARN_EMPTY_BODY = YES;
				CLANG_WARN_ENUM_CONVERSION = YES;
				CLANG_WARN_INFINITE_RECURSION = YES;
				CLANG_WARN_INT_CONVERSION = YES;
				CLANG_WARN_OBJC_ROOT_CLASS = YES_ERROR;
				CLANG_WARN_SUSPICIOUS_MOVES = YES;
				CLANG_WARN_UNREACHABLE_CODE = YES;
				CLANG_WARN__DUPLICATE_METHOD_MATCH = YES;
				CODE_SIGN_IDENTITY = "-";
				COPY_PHASE_STRIP = NO;
				DEBUG_INFORMATION_FORMAT = "dwarf-with-dsym";
				ENABLE_NS_ASSERTIONS = NO;
				ENABLE_STRICT_OBJC_MSGSEND = YES;
				GCC_C_LANGUAGE_STANDARD = gnu99;
				GCC_NO_COMMON_BLOCKS = YES;
				GCC_WARN_64_TO_32_BIT_CONVERSION = YES;
				GCC_WARN_ABOUT_RETURN_TYPE = YES_ERROR;
				GCC_WARN_UNDECLARED_SELECTOR = YES;
				GCC_WARN_UNINITIALIZED_AUTOS = YES_AGGRESSIVE;
				GCC_WARN_UNUSED_FUNCTION = YES;
				GCC_WARN_UNUSED_VARIABLE = YES;
				MACOSX_DEPLOYMENT_TARGET = 10.12;
				MTL_ENABLE_DEBUG_INFO = NO;
				SDKROOT = macosx;
			};
			name = Release;
		};
		1ACCC7BF1D7F3809006EECCA /* Debug */ = {
			isa = XCBuildConfiguration;
			buildSettings = {
				MACOSX_DEPLOYMENT_TARGET = 10.6;
				PRODUCT_NAME = "$(TARGET_NAME)";
			};
			name = Debug;
		};
		1ACCC7C01D7F3809006EECCA /* Release */ = {
			isa = XCBuildConfiguration;
			buildSettings = {
				MACOSX_DEPLOYMENT_TARGET = 10.6;
				PRODUCT_NAME = "$(TARGET_NAME)";
			};
			name = Release;
		};
/* End XCBuildConfiguration section */

/* Begin XCConfigurationList section */
		1ACCC7B21D7F3809006EECCA /* Build configuration list for PBXProject "ReadOnlyObjC" */ = {
			isa = XCConfigurationList;
			buildConfigurations = (
				1ACCC7BC1D7F3809006EECCA /* Debug */,
				1ACCC7BD1D7F3809006EECCA /* Release */,
			);
			defaultConfigurationIsVisible = 0;
			defaultConfigurationName = Release;
		};
		1ACCC7BE1D7F3809006EECCA /* Build configuration list for PBXNativeTarget "ReadOnlyObjC" */ = {
			isa = XCConfigurationList;
			buildConfigurations = (
				1ACCC7BF1D7F3809006EECCA /* Debug */,
				1ACCC7C01D7F3809006EECCA /* Release */,
			);
			defaultConfigurationIsVisible = 0;
		};
/* End XCConfigurationList section */
	};
	rootObject = 1ACCC7AF1D7F3809006EECCA /* Project object */;
}
