// !$*UTF8*$!
{
	archiveVersion = 1;
	classes = {
	};
	objectVersion = 46;
	objects = {

/* Begin PBXBuildFile section */
		1A3AB87A1D66EC9B0079BEDA /* main.m in Sources */ = {isa = PBXBuildFile; fileRef = 1A3AB8791D66EC9B0079BEDA /* main.m */; };
		1A3AB87D1D66EC9B0079BEDA /* AppDelegate.m in Sources */ = {isa = PBXBuildFile; fileRef = 1A3AB87C1D66EC9B0079BEDA /* AppDelegate.m */; };
		1A3AB8801D66EC9B0079BEDA /* ViewController.m in Sources */ = {isa = PBXBuildFile; fileRef = 1A3AB87F1D66EC9B0079BEDA /* ViewController.m */; };
		1A3AB8831D66EC9B0079BEDA /* Main.storyboard in Resources */ = {isa = PBXBuildFile; fileRef = 1A3AB8811D66EC9B0079BEDA /* Main.storyboard */; };
		1A3AB8851D66EC9B0079BEDA /* Assets.xcassets in Resources */ = {isa = PBXBuildFile; fileRef = 1A3AB8841D66EC9B0079BEDA /* Assets.xcassets */; };
		1A3AB8881D66EC9B0079BEDA /* LaunchScreen.storyboard in Resources */ = {isa = PBXBuildFile; fileRef = 1A3AB8861D66EC9B0079BEDA /* LaunchScreen.storyboard */; };
/* End PBXBuildFile section */

/* Begin PBXFileReference section */
		1A3AB8751D66EC9B0079BEDA /* ViewContentModeObjC.app */ = {isa = PBXFileReference; explicitFileType = wrapper.application; includeInIndex = 0; path = ViewContentModeObjC.app; sourceTree = BUILT_PRODUCTS_DIR; };
		1A3AB8791D66EC9B0079BEDA /* main.m */ = {isa = PBXFileReference; lastKnownFileType = sourcecode.c.objc; path = main.m; sourceTree = "<group>"; };
		1A3AB87B1D66EC9B0079BEDA /* AppDelegate.h */ = {isa = PBXFileReference; lastKnownFileType = sourcecode.c.h; path = AppDelegate.h; sourceTree = "<group>"; };
		1A3AB87C1D66EC9B0079BEDA /* AppDelegate.m */ = {isa = PBXFileReference; lastKnownFileType = sourcecode.c.objc; path = AppDelegate.m; sourceTree = "<group>"; };
		1A3AB87E1D66EC9B0079BEDA /* ViewController.h */ = {isa = PBXFileReference; lastKnownFileType = sourcecode.c.h; path = ViewController.h; sourceTree = "<group>"; };
		1A3AB87F1D66EC9B0079BEDA /* ViewController.m */ = {isa = PBXFileReference; lastKnownFileType = sourcecode.c.objc; path = ViewController.m; sourceTree = "<group>"; };
		1A3AB8821D66EC9B0079BEDA /* Base */ = {isa = PBXFileReference; lastKnownFileType = file.storyboard; name = Base; path = Base.lproj/Main.storyboard; sourceTree = "<group>"; };
		1A3AB8841D66EC9B0079BEDA /* Assets.xcassets */ = {isa = PBXFileReference; lastKnownFileType = folder.assetcatalog; path = Assets.xcassets; sourceTree = "<group>"; };
		1A3AB8871D66EC9B0079BEDA /* Base */ = {isa = PBXFileReference; lastKnownFileType = file.storyboard; name = Base; path = Base.lproj/LaunchScreen.storyboard; sourceTree = "<group>"; };
		1A3AB8891D66EC9B0079BEDA /* Info.plist */ = {isa = PBXFileReference; lastKnownFileType = text.plist.xml; path = Info.plist; sourceTree = "<group>"; };
/* End PBXFileReference section */

/* Begin PBXFrameworksBuildPhase section */
		1A3AB8721D66EC9B0079BEDA /* Frameworks */ = {
			isa = PBXFrameworksBuildPhase;
			buildActionMask = 2147483647;
			files = (
			);
			runOnlyForDeploymentPostprocessing = 0;
		};
/* End PBXFrameworksBuildPhase section */

/* Begin PBXGroup section */
		1A3AB86C1D66EC9A0079BEDA = {
			isa = PBXGroup;
			children = (
				1A3AB8771D66EC9B0079BEDA /* ViewContentModeObjC */,
				1A3AB8761D66EC9B0079BEDA /* Products */,
			);
			sourceTree = "<group>";
		};
		1A3AB8761D66EC9B0079BEDA /* Products */ = {
			isa = PBXGroup;
			children = (
				1A3AB8751D66EC9B0079BEDA /* ViewContentModeObjC.app */,
			);
			name = Products;
			sourceTree = "<group>";
		};
		1A3AB8771D66EC9B0079BEDA /* ViewContentModeObjC */ = {
			isa = PBXGroup;
			children = (
				1A3AB87B1D66EC9B0079BEDA /* AppDelegate.h */,
				1A3AB87C1D66EC9B0079BEDA /* AppDelegate.m */,
				1A3AB87E1D66EC9B0079BEDA /* ViewController.h */,
				1A3AB87F1D66EC9B0079BEDA /* ViewController.m */,
				1A3AB8811D66EC9B0079BEDA /* Main.storyboard */,
				1A3AB8841D66EC9B0079BEDA /* Assets.xcassets */,
				1A3AB8861D66EC9B0079BEDA /* LaunchScreen.storyboard */,
				1A3AB8891D66EC9B0079BEDA /* Info.plist */,
				1A3AB8781D66EC9B0079BEDA /* Supporting Files */,
			);
			path = ViewContentModeObjC;
			sourceTree = "<group>";
		};
		1A3AB8781D66EC9B0079BEDA /* Supporting Files */ = {
			isa = PBXGroup;
			children = (
				1A3AB8791D66EC9B0079BEDA /* main.m */,
			);
			name = "Supporting Files";
			sourceTree = "<group>";
		};
/* End PBXGroup section */

/* Begin PBXNativeTarget section */
		1A3AB8741D66EC9B0079BEDA /* ViewContentModeObjC */ = {
			isa = PBXNativeTarget;
			buildConfigurationList = 1A3AB88C1D66EC9B0079BEDA /* Build configuration list for PBXNativeTarget "ViewContentModeObjC" */;
			buildPhases = (
				1A3AB8711D66EC9B0079BEDA /* Sources */,
				1A3AB8721D66EC9B0079BEDA /* Frameworks */,
				1A3AB8731D66EC9B0079BEDA /* Resources */,
			);
			buildRules = (
			);
			dependencies = (
			);
			name = ViewContentModeObjC;
			productName = ViewContentModeObjC;
			productReference = 1A3AB8751D66EC9B0079BEDA /* ViewContentModeObjC.app */;
			productType = "com.apple.product-type.application";
		};
/* End PBXNativeTarget section */

/* Begin PBXProject section */
		1A3AB86D1D66EC9A0079BEDA /* Project object */ = {
			isa = PBXProject;
			attributes = {
				LastUpgradeCheck = 0730;
				ORGANIZATIONNAME = "Keun young Kim";
				TargetAttributes = {
					1A3AB8741D66EC9B0079BEDA = {
						CreatedOnToolsVersion = 7.3.1;
						ProvisioningStyle = Manual;
					};
				};
			};
			buildConfigurationList = 1A3AB8701D66EC9A0079BEDA /* Build configuration list for PBXProject "ViewContentModeObjC" */;
			compatibilityVersion = "Xcode 3.2";
			developmentRegion = English;
			hasScannedForEncodings = 0;
			knownRegions = (
				en,
				Base,
			);
			mainGroup = 1A3AB86C1D66EC9A0079BEDA;
			productRefGroup = 1A3AB8761D66EC9B0079BEDA /* Products */;
			projectDirPath = "";
			projectRoot = "";
			targets = (
				1A3AB8741D66EC9B0079BEDA /* ViewContentModeObjC */,
			);
		};
/* End PBXProject section */

/* Begin PBXResourcesBuildPhase section */
		1A3AB8731D66EC9B0079BEDA /* Resources */ = {
			isa = PBXResourcesBuildPhase;
			buildActionMask = 2147483647;
			files = (
				1A3AB8881D66EC9B0079BEDA /* LaunchScreen.storyboard in Resources */,
				1A3AB8851D66EC9B0079BEDA /* Assets.xcassets in Resources */,
				1A3AB8831D66EC9B0079BEDA /* Main.storyboard in Resources */,
			);
			runOnlyForDeploymentPostprocessing = 0;
		};
/* End PBXResourcesBuildPhase section */

/* Begin PBXSourcesBuildPhase section */
		1A3AB8711D66EC9B0079BEDA /* Sources */ = {
			isa = PBXSourcesBuildPhase;
			buildActionMask = 2147483647;
			files = (
				1A3AB8801D66EC9B0079BEDA /* ViewController.m in Sources */,
				1A3AB87D1D66EC9B0079BEDA /* AppDelegate.m in Sources */,
				1A3AB87A1D66EC9B0079BEDA /* main.m in Sources */,
			);
			runOnlyForDeploymentPostprocessing = 0;
		};
/* End PBXSourcesBuildPhase section */

/* Begin PBXVariantGroup section */
		1A3AB8811D66EC9B0079BEDA /* Main.storyboard */ = {
			isa = PBXVariantGroup;
			children = (
				1A3AB8821D66EC9B0079BEDA /* Base */,
			);
			name = Main.storyboard;
			sourceTree = "<group>";
		};
		1A3AB8861D66EC9B0079BEDA /* LaunchScreen.storyboard */ = {
			isa = PBXVariantGroup;
			children = (
				1A3AB8871D66EC9B0079BEDA /* Base */,
			);
			name = LaunchScreen.storyboard;
			sourceTree = "<group>";
		};
/* End PBXVariantGroup section */

/* Begin XCBuildConfiguration section */
		1A3AB88A1D66EC9B0079BEDA /* Debug */ = {
			isa = XCBuildConfiguration;
			buildSettings = {
				ALWAYS_SEARCH_USER_PATHS = NO;
				CLANG_ANALYZER_NONNULL = YES;
				CLANG_CXX_LANGUAGE_STANDARD = "gnu++0x";
				CLANG_CXX_LIBRARY = "libc++";
				CLANG_ENABLE_MODULES = YES;
				CLANG_ENABLE_OBJC_ARC = YES;
				CLANG_WARN_BOOL_CONVERSION = YES;
				CLANG_WARN_CONSTANT_CONVERSION = YES;
				CLANG_WARN_DIRECT_OBJC_ISA_USAGE = YES_ERROR;
				CLANG_WARN_EMPTY_BODY = YES;
				CLANG_WARN_ENUM_CONVERSION = YES;
				CLANG_WARN_INT_CONVERSION = YES;
				CLANG_WARN_OBJC_ROOT_CLASS = YES_ERROR;
				CLANG_WARN_UNREACHABLE_CODE = YES;
				CLANG_WARN__DUPLICATE_METHOD_MATCH = YES;
				"CODE_SIGN_IDENTITY[sdk=iphoneos*]" = "iPhone Developer";
				COPY_PHASE_STRIP = NO;
				DEBUG_INFORMATION_FORMAT = dwarf;
				ENABLE_STRICT_OBJC_MSGSEND = YES;
				ENABLE_TESTABILITY = YES;
				GCC_C_LANGUAGE_STANDARD = gnu99;
				GCC_DYNAMIC_NO_PIC = NO;
				GCC_NO_COMMON_BLOCKS = YES;
				GCC_OPTIMIZATION_LEVEL = 0;
				GCC_PREPROCESSOR_DEFINITIONS = (
					"DEBUG=1",
					"$(inherited)",
				);
				GCC_WARN_64_TO_32_BIT_CONVERSION = YES;
				GCC_WARN_ABOUT_RETURN_TYPE = YES_ERROR;
				GCC_WARN_UNDECLARED_SELECTOR = YES;
				GCC_WARN_UNINITIALIZED_AUTOS = YES_AGGRESSIVE;
				GCC_WARN_UNUSED_FUNCTION = YES;
				GCC_WARN_UNUSED_VARIABLE = YES;
				IPHONEOS_DEPLOYMENT_TARGET = 9.3;
				MTL_ENABLE_DEBUG_INFO = YES;
				ONLY_ACTIVE_ARCH = YES;
				SDKROOT = iphoneos;
				TARGETED_DEVICE_FAMILY = "1,2";
			};
			name = Debug;
		};
		1A3AB88B1D66EC9B0079BEDA /* Release */ = {
			isa = XCBuildConfiguration;
			buildSettings = {
				ALWAYS_SEARCH_USER_PATHS = NO;
				CLANG_ANALYZER_NONNULL = YES;
				CLANG_CXX_LANGUAGE_STANDARD = "gnu++0x";
				CLANG_CXX_LIBRARY = "libc++";
				CLANG_ENABLE_MODULES = YES;
				CLANG_ENABLE_OBJC_ARC = YES;
				CLANG_WARN_BOOL_CONVERSION = YES;
				CLANG_WARN_CONSTANT_CONVERSION = YES;
				CLANG_WARN_DIRECT_OBJC_ISA_USAGE = YES_ERROR;
				CLANG_WARN_EMPTY_BODY = YES;
				CLANG_WARN_ENUM_CONVERSION = YES;
				CLANG_WARN_INT_CONVERSION = YES;
				CLANG_WARN_OBJC_ROOT_CLASS = YES_ERROR;
				CLANG_WARN_UNREACHABLE_CODE = YES;
				CLANG_WARN__DUPLICATE_METHOD_MATCH = YES;
				"CODE_SIGN_IDENTITY[sdk=iphoneos*]" = "iPhone Developer";
				COPY_PHASE_STRIP = NO;
				DEBUG_INFORMATION_FORMAT = "dwarf-with-dsym";
				ENABLE_NS_ASSERTIONS = NO;
				ENABLE_STRICT_OBJC_MSGSEND = YES;
				GCC_C_LANGUAGE_STANDARD = gnu99;
				GCC_NO_COMMON_BLOCKS = YES;
				GCC_WARN_64_TO_32_BIT_CONVERSION = YES;
				GCC_WARN_ABOUT_RETURN_TYPE = YES_ERROR;
				GCC_WARN_UNDECLARED_SELECTOR = YES;
				GCC_WARN_UNINITIALIZED_AUTOS = YES_AGGRESSIVE;
				GCC_WARN_UNUSED_FUNCTION = YES;
				GCC_WARN_UNUSED_VARIABLE = YES;
				IPHONEOS_DEPLOYMENT_TARGET = 9.3;
				MTL_ENABLE_DEBUG_INFO = NO;
				SDKROOT = iphoneos;
				TARGETED_DEVICE_FAMILY = "1,2";
				VALIDATE_PRODUCT = YES;
			};
			name = Release;
		};
		1A3AB88D1D66EC9B0079BEDA /* Debug */ = {
			isa = XCBuildConfiguration;
			buildSettings = {
				ASSETCATALOG_COMPILER_APPICON_NAME = AppIcon;
				DEVELOPMENT_TEAM = "";
				INFOPLIST_FILE = ViewContentModeObjC/Info.plist;
				IPHONEOS_DEPLOYMENT_TARGET = 8.0;
				LD_RUNPATH_SEARCH_PATHS = "$(inherited) @executable_path/Frameworks";
				PRODUCT_BUNDLE_IDENTIFIER = com.meetkei.ViewContentModeObjC;
				PRODUCT_NAME = "$(TARGET_NAME)";
			};
			name = Debug;
		};
		1A3AB88E1D66EC9B0079BEDA /* Release */ = {
			isa = XCBuildConfiguration;
			buildSettings = {
				ASSETCATALOG_COMPILER_APPICON_NAME = AppIcon;
				DEVELOPMENT_TEAM = "";
				INFOPLIST_FILE = ViewContentModeObjC/Info.plist;
				IPHONEOS_DEPLOYMENT_TARGET = 8.0;
				LD_RUNPATH_SEARCH_PATHS = "$(inherited) @executable_path/Frameworks";
				PRODUCT_BUNDLE_IDENTIFIER = com.meetkei.ViewContentModeObjC;
				PRODUCT_NAME = "$(TARGET_NAME)";
			};
			name = Release;
		};
/* End XCBuildConfiguration section */

/* Begin XCConfigurationList section */
		1A3AB8701D66EC9A0079BEDA /* Build configuration list for PBXProject "ViewContentModeObjC" */ = {
			isa = XCConfigurationList;
			buildConfigurations = (
				1A3AB88A1D66EC9B0079BEDA /* Debug */,
				1A3AB88B1D66EC9B0079BEDA /* Release */,
			);
			defaultConfigurationIsVisible = 0;
			defaultConfigurationName = Release;
		};
		1A3AB88C1D66EC9B0079BEDA /* Build configuration list for PBXNativeTarget "ViewContentModeObjC" */ = {
			isa = XCConfigurationList;
			buildConfigurations = (
				1A3AB88D1D66EC9B0079BEDA /* Debug */,
				1A3AB88E1D66EC9B0079BEDA /* Release */,
			);
			defaultConfigurationIsVisible = 0;
			defaultConfigurationName = Release;
		};
/* End XCConfigurationList section */
	};
	rootObject = 1A3AB86D1D66EC9A0079BEDA /* Project object */;
}
