// !$*UTF8*$!
{
	archiveVersion = 1;
	classes = {
	};
	objectVersion = 46;
	objects = {

/* Begin PBXBuildFile section */
		1AD86C3C1D6BDFE50063F2BF /* main.m in Sources */ = {isa = PBXBuildFile; fileRef = 1AD86C3B1D6BDFE50063F2BF /* main.m */; };
		1AD86C3F1D6BDFE50063F2BF /* AppDelegate.m in Sources */ = {isa = PBXBuildFile; fileRef = 1AD86C3E1D6BDFE50063F2BF /* AppDelegate.m */; };
		1AD86C421D6BDFE50063F2BF /* ViewController.m in Sources */ = {isa = PBXBuildFile; fileRef = 1AD86C411D6BDFE50063F2BF /* ViewController.m */; };
		1AD86C451D6BDFE50063F2BF /* Main.storyboard in Resources */ = {isa = PBXBuildFile; fileRef = 1AD86C431D6BDFE50063F2BF /* Main.storyboard */; };
		1AD86C471D6BDFE50063F2BF /* Assets.xcassets in Resources */ = {isa = PBXBuildFile; fileRef = 1AD86C461D6BDFE50063F2BF /* Assets.xcassets */; };
		1AD86C4A1D6BDFE50063F2BF /* LaunchScreen.storyboard in Resources */ = {isa = PBXBuildFile; fileRef = 1AD86C481D6BDFE50063F2BF /* LaunchScreen.storyboard */; };
		1AD86C531D6BE07E0063F2BF /* DonutChart.m in Sources */ = {isa = PBXBuildFile; fileRef = 1AD86C521D6BE07E0063F2BF /* DonutChart.m */; };
/* End PBXBuildFile section */

/* Begin PBXFileReference section */
		1AD86C371D6BDFE50063F2BF /* CustomViewObjc.app */ = {isa = PBXFileReference; explicitFileType = wrapper.application; includeInIndex = 0; path = CustomViewObjc.app; sourceTree = BUILT_PRODUCTS_DIR; };
		1AD86C3B1D6BDFE50063F2BF /* main.m */ = {isa = PBXFileReference; lastKnownFileType = sourcecode.c.objc; path = main.m; sourceTree = "<group>"; };
		1AD86C3D1D6BDFE50063F2BF /* AppDelegate.h */ = {isa = PBXFileReference; lastKnownFileType = sourcecode.c.h; path = AppDelegate.h; sourceTree = "<group>"; };
		1AD86C3E1D6BDFE50063F2BF /* AppDelegate.m */ = {isa = PBXFileReference; lastKnownFileType = sourcecode.c.objc; path = AppDelegate.m; sourceTree = "<group>"; };
		1AD86C401D6BDFE50063F2BF /* ViewController.h */ = {isa = PBXFileReference; lastKnownFileType = sourcecode.c.h; path = ViewController.h; sourceTree = "<group>"; };
		1AD86C411D6BDFE50063F2BF /* ViewController.m */ = {isa = PBXFileReference; lastKnownFileType = sourcecode.c.objc; path = ViewController.m; sourceTree = "<group>"; };
		1AD86C441D6BDFE50063F2BF /* Base */ = {isa = PBXFileReference; lastKnownFileType = file.storyboard; name = Base; path = Base.lproj/Main.storyboard; sourceTree = "<group>"; };
		1AD86C461D6BDFE50063F2BF /* Assets.xcassets */ = {isa = PBXFileReference; lastKnownFileType = folder.assetcatalog; path = Assets.xcassets; sourceTree = "<group>"; };
		1AD86C491D6BDFE50063F2BF /* Base */ = {isa = PBXFileReference; lastKnownFileType = file.storyboard; name = Base; path = Base.lproj/LaunchScreen.storyboard; sourceTree = "<group>"; };
		1AD86C4B1D6BDFE50063F2BF /* Info.plist */ = {isa = PBXFileReference; lastKnownFileType = text.plist.xml; path = Info.plist; sourceTree = "<group>"; };
		1AD86C511D6BE07E0063F2BF /* DonutChart.h */ = {isa = PBXFileReference; fileEncoding = 4; lastKnownFileType = sourcecode.c.h; path = DonutChart.h; sourceTree = "<group>"; };
		1AD86C521D6BE07E0063F2BF /* DonutChart.m */ = {isa = PBXFileReference; fileEncoding = 4; lastKnownFileType = sourcecode.c.objc; path = DonutChart.m; sourceTree = "<group>"; };
/* End PBXFileReference section */

/* Begin PBXFrameworksBuildPhase section */
		1AD86C341D6BDFE50063F2BF /* Frameworks */ = {
			isa = PBXFrameworksBuildPhase;
			buildActionMask = 2147483647;
			files = (
			);
			runOnlyForDeploymentPostprocessing = 0;
		};
/* End PBXFrameworksBuildPhase section */

/* Begin PBXGroup section */
		1AD86C2E1D6BDFE50063F2BF = {
			isa = PBXGroup;
			children = (
				1AD86C391D6BDFE50063F2BF /* CustomViewObjc */,
				1AD86C381D6BDFE50063F2BF /* Products */,
			);
			sourceTree = "<group>";
		};
		1AD86C381D6BDFE50063F2BF /* Products */ = {
			isa = PBXGroup;
			children = (
				1AD86C371D6BDFE50063F2BF /* CustomViewObjc.app */,
			);
			name = Products;
			sourceTree = "<group>";
		};
		1AD86C391D6BDFE50063F2BF /* CustomViewObjc */ = {
			isa = PBXGroup;
			children = (
				1AD86C3D1D6BDFE50063F2BF /* AppDelegate.h */,
				1AD86C3E1D6BDFE50063F2BF /* AppDelegate.m */,
				1AD86C401D6BDFE50063F2BF /* ViewController.h */,
				1AD86C411D6BDFE50063F2BF /* ViewController.m */,
				1AD86C431D6BDFE50063F2BF /* Main.storyboard */,
				1AD86C461D6BDFE50063F2BF /* Assets.xcassets */,
				1AD86C481D6BDFE50063F2BF /* LaunchScreen.storyboard */,
				1AD86C4B1D6BDFE50063F2BF /* Info.plist */,
				1AD86C3A1D6BDFE50063F2BF /* Supporting Files */,
				1AD86C511D6BE07E0063F2BF /* DonutChart.h */,
				1AD86C521D6BE07E0063F2BF /* DonutChart.m */,
			);
			path = CustomViewObjc;
			sourceTree = "<group>";
		};
		1AD86C3A1D6BDFE50063F2BF /* Supporting Files */ = {
			isa = PBXGroup;
			children = (
				1AD86C3B1D6BDFE50063F2BF /* main.m */,
			);
			name = "Supporting Files";
			sourceTree = "<group>";
		};
/* End PBXGroup section */

/* Begin PBXNativeTarget section */
		1AD86C361D6BDFE50063F2BF /* CustomViewObjc */ = {
			isa = PBXNativeTarget;
			buildConfigurationList = 1AD86C4E1D6BDFE50063F2BF /* Build configuration list for PBXNativeTarget "CustomViewObjc" */;
			buildPhases = (
				1AD86C331D6BDFE50063F2BF /* Sources */,
				1AD86C341D6BDFE50063F2BF /* Frameworks */,
				1AD86C351D6BDFE50063F2BF /* Resources */,
			);
			buildRules = (
			);
			dependencies = (
			);
			name = CustomViewObjc;
			productName = CustomViewObjc;
			productReference = 1AD86C371D6BDFE50063F2BF /* CustomViewObjc.app */;
			productType = "com.apple.product-type.application";
		};
/* End PBXNativeTarget section */

/* Begin PBXProject section */
		1AD86C2F1D6BDFE50063F2BF /* Project object */ = {
			isa = PBXProject;
			attributes = {
				LastUpgradeCheck = 0730;
				ORGANIZATIONNAME = "Keun young Kim";
				TargetAttributes = {
					1AD86C361D6BDFE50063F2BF = {
						CreatedOnToolsVersion = 7.3.1;
						ProvisioningStyle = Manual;
					};
				};
			};
			buildConfigurationList = 1AD86C321D6BDFE50063F2BF /* Build configuration list for PBXProject "CustomViewObjc" */;
			compatibilityVersion = "Xcode 3.2";
			developmentRegion = English;
			hasScannedForEncodings = 0;
			knownRegions = (
				en,
				Base,
			);
			mainGroup = 1AD86C2E1D6BDFE50063F2BF;
			productRefGroup = 1AD86C381D6BDFE50063F2BF /* Products */;
			projectDirPath = "";
			projectRoot = "";
			targets = (
				1AD86C361D6BDFE50063F2BF /* CustomViewObjc */,
			);
		};
/* End PBXProject section */

/* Begin PBXResourcesBuildPhase section */
		1AD86C351D6BDFE50063F2BF /* Resources */ = {
			isa = PBXResourcesBuildPhase;
			buildActionMask = 2147483647;
			files = (
				1AD86C4A1D6BDFE50063F2BF /* LaunchScreen.storyboard in Resources */,
				1AD86C471D6BDFE50063F2BF /* Assets.xcassets in Resources */,
				1AD86C451D6BDFE50063F2BF /* Main.storyboard in Resources */,
			);
			runOnlyForDeploymentPostprocessing = 0;
		};
/* End PBXResourcesBuildPhase section */

/* Begin PBXSourcesBuildPhase section */
		1AD86C331D6BDFE50063F2BF /* Sources */ = {
			isa = PBXSourcesBuildPhase;
			buildActionMask = 2147483647;
			files = (
				1AD86C421D6BDFE50063F2BF /* ViewController.m in Sources */,
				1AD86C3F1D6BDFE50063F2BF /* AppDelegate.m in Sources */,
				1AD86C3C1D6BDFE50063F2BF /* main.m in Sources */,
				1AD86C531D6BE07E0063F2BF /* DonutChart.m in Sources */,
			);
			runOnlyForDeploymentPostprocessing = 0;
		};
/* End PBXSourcesBuildPhase section */

/* Begin PBXVariantGroup section */
		1AD86C431D6BDFE50063F2BF /* Main.storyboard */ = {
			isa = PBXVariantGroup;
			children = (
				1AD86C441D6BDFE50063F2BF /* Base */,
			);
			name = Main.storyboard;
			sourceTree = "<group>";
		};
		1AD86C481D6BDFE50063F2BF /* LaunchScreen.storyboard */ = {
			isa = PBXVariantGroup;
			children = (
				1AD86C491D6BDFE50063F2BF /* Base */,
			);
			name = LaunchScreen.storyboard;
			sourceTree = "<group>";
		};
/* End PBXVariantGroup section */

/* Begin XCBuildConfiguration section */
		1AD86C4C1D6BDFE50063F2BF /* Debug */ = {
			isa = XCBuildConfiguration;
			buildSettings = {
				ALWAYS_SEARCH_USER_PATHS = NO;
				CLANG_ANALYZER_NONNULL = YES;
				CLANG_CXX_LANGUAGE_STANDARD = "gnu++0x";
				CLANG_CXX_LIBRARY = "libc++";
				CLANG_ENABLE_MODULES = YES;
				CLANG_ENABLE_OBJC_ARC = YES;
				CLANG_WARN_BOOL_CONVERSION = YES;
				CLANG_WARN_CONSTANT_CONVERSION = YES;
				CLANG_WARN_DIRECT_OBJC_ISA_USAGE = YES_ERROR;
				CLANG_WARN_EMPTY_BODY = YES;
				CLANG_WARN_ENUM_CONVERSION = YES;
				CLANG_WARN_INT_CONVERSION = YES;
				CLANG_WARN_OBJC_ROOT_CLASS = YES_ERROR;
				CLANG_WARN_UNREACHABLE_CODE = YES;
				CLANG_WARN__DUPLICATE_METHOD_MATCH = YES;
				"CODE_SIGN_IDENTITY[sdk=iphoneos*]" = "iPhone Developer";
				COPY_PHASE_STRIP = NO;
				DEBUG_INFORMATION_FORMAT = dwarf;
				ENABLE_STRICT_OBJC_MSGSEND = YES;
				ENABLE_TESTABILITY = YES;
				GCC_C_LANGUAGE_STANDARD = gnu99;
				GCC_DYNAMIC_NO_PIC = NO;
				GCC_NO_COMMON_BLOCKS = YES;
				GCC_OPTIMIZATION_LEVEL = 0;
				GCC_PREPROCESSOR_DEFINITIONS = (
					"DEBUG=1",
					"$(inherited)",
				);
				GCC_WARN_64_TO_32_BIT_CONVERSION = YES;
				GCC_WARN_ABOUT_RETURN_TYPE = YES_ERROR;
				GCC_WARN_UNDECLARED_SELECTOR = YES;
				GCC_WARN_UNINITIALIZED_AUTOS = YES_AGGRESSIVE;
				GCC_WARN_UNUSED_FUNCTION = YES;
				GCC_WARN_UNUSED_VARIABLE = YES;
				IPHONEOS_DEPLOYMENT_TARGET = 9.3;
				MTL_ENABLE_DEBUG_INFO = YES;
				ONLY_ACTIVE_ARCH = YES;
				SDKROOT = iphoneos;
				TARGETED_DEVICE_FAMILY = "1,2";
			};
			name = Debug;
		};
		1AD86C4D1D6BDFE50063F2BF /* Release */ = {
			isa = XCBuildConfiguration;
			buildSettings = {
				ALWAYS_SEARCH_USER_PATHS = NO;
				CLANG_ANALYZER_NONNULL = YES;
				CLANG_CXX_LANGUAGE_STANDARD = "gnu++0x";
				CLANG_CXX_LIBRARY = "libc++";
				CLANG_ENABLE_MODULES = YES;
				CLANG_ENABLE_OBJC_ARC = YES;
				CLANG_WARN_BOOL_CONVERSION = YES;
				CLANG_WARN_CONSTANT_CONVERSION = YES;
				CLANG_WARN_DIRECT_OBJC_ISA_USAGE = YES_ERROR;
				CLANG_WARN_EMPTY_BODY = YES;
				CLANG_WARN_ENUM_CONVERSION = YES;
				CLANG_WARN_INT_CONVERSION = YES;
				CLANG_WARN_OBJC_ROOT_CLASS = YES_ERROR;
				CLANG_WARN_UNREACHABLE_CODE = YES;
				CLANG_WARN__DUPLICATE_METHOD_MATCH = YES;
				"CODE_SIGN_IDENTITY[sdk=iphoneos*]" = "iPhone Developer";
				COPY_PHASE_STRIP = NO;
				DEBUG_INFORMATION_FORMAT = "dwarf-with-dsym";
				ENABLE_NS_ASSERTIONS = NO;
				ENABLE_STRICT_OBJC_MSGSEND = YES;
				GCC_C_LANGUAGE_STANDARD = gnu99;
				GCC_NO_COMMON_BLOCKS = YES;
				GCC_WARN_64_TO_32_BIT_CONVERSION = YES;
				GCC_WARN_ABOUT_RETURN_TYPE = YES_ERROR;
				GCC_WARN_UNDECLARED_SELECTOR = YES;
				GCC_WARN_UNINITIALIZED_AUTOS = YES_AGGRESSIVE;
				GCC_WARN_UNUSED_FUNCTION = YES;
				GCC_WARN_UNUSED_VARIABLE = YES;
				IPHONEOS_DEPLOYMENT_TARGET = 9.3;
				MTL_ENABLE_DEBUG_INFO = NO;
				SDKROOT = iphoneos;
				TARGETED_DEVICE_FAMILY = "1,2";
				VALIDATE_PRODUCT = YES;
			};
			name = Release;
		};
		1AD86C4F1D6BDFE50063F2BF /* Debug */ = {
			isa = XCBuildConfiguration;
			buildSettings = {
				ASSETCATALOG_COMPILER_APPICON_NAME = AppIcon;
				DEVELOPMENT_TEAM = "";
				INFOPLIST_FILE = CustomViewObjc/Info.plist;
				IPHONEOS_DEPLOYMENT_TARGET = 8.0;
				LD_RUNPATH_SEARCH_PATHS = "$(inherited) @executable_path/Frameworks";
				PRODUCT_BUNDLE_IDENTIFIER = com.meetkei.CustomViewObjc;
				PRODUCT_NAME = "$(TARGET_NAME)";
			};
			name = Debug;
		};
		1AD86C501D6BDFE50063F2BF /* Release */ = {
			isa = XCBuildConfiguration;
			buildSettings = {
				ASSETCATALOG_COMPILER_APPICON_NAME = AppIcon;
				DEVELOPMENT_TEAM = "";
				INFOPLIST_FILE = CustomViewObjc/Info.plist;
				IPHONEOS_DEPLOYMENT_TARGET = 8.0;
				LD_RUNPATH_SEARCH_PATHS = "$(inherited) @executable_path/Frameworks";
				PRODUCT_BUNDLE_IDENTIFIER = com.meetkei.CustomViewObjc;
				PRODUCT_NAME = "$(TARGET_NAME)";
			};
			name = Release;
		};
/* End XCBuildConfiguration section */

/* Begin XCConfigurationList section */
		1AD86C321D6BDFE50063F2BF /* Build configuration list for PBXProject "CustomViewObjc" */ = {
			isa = XCConfigurationList;
			buildConfigurations = (
				1AD86C4C1D6BDFE50063F2BF /* Debug */,
				1AD86C4D1D6BDFE50063F2BF /* Release */,
			);
			defaultConfigurationIsVisible = 0;
			defaultConfigurationName = Release;
		};
		1AD86C4E1D6BDFE50063F2BF /* Build configuration list for PBXNativeTarget "CustomViewObjc" */ = {
			isa = XCConfigurationList;
			buildConfigurations = (
				1AD86C4F1D6BDFE50063F2BF /* Debug */,
				1AD86C501D6BDFE50063F2BF /* Release */,
			);
			defaultConfigurationIsVisible = 0;
			defaultConfigurationName = Release;
		};
/* End XCConfigurationList section */
	};
	rootObject = 1AD86C2F1D6BDFE50063F2BF /* Project object */;
}
