// !$*UTF8*$!
{
	archiveVersion = 1;
	classes = {
	};
	objectVersion = 46;
	objects = {

/* Begin PBXBuildFile section */
		1A4854BB1D9D190B00D5CC26 /* AppDelegate.swift in Sources */ = {isa = PBXBuildFile; fileRef = 1A4854BA1D9D190B00D5CC26 /* AppDelegate.swift */; };
		1A4854BD1D9D190B00D5CC26 /* ViewController.swift in Sources */ = {isa = PBXBuildFile; fileRef = 1A4854BC1D9D190B00D5CC26 /* ViewController.swift */; };
		1A4854C01D9D190B00D5CC26 /* Main.storyboard in Resources */ = {isa = PBXBuildFile; fileRef = 1A4854BE1D9D190B00D5CC26 /* Main.storyboard */; };
		1A4854C21D9D190B00D5CC26 /* Assets.xcassets in Resources */ = {isa = PBXBuildFile; fileRef = 1A4854C11D9D190B00D5CC26 /* Assets.xcassets */; };
		1A4854C51D9D190B00D5CC26 /* LaunchScreen.storyboard in Resources */ = {isa = PBXBuildFile; fileRef = 1A4854C31D9D190B00D5CC26 /* LaunchScreen.storyboard */; };
/* End PBXBuildFile section */

/* Begin PBXFileReference section */
		1A4854B71D9D190B00D5CC26 /* ValueViewer.app */ = {isa = PBXFileReference; explicitFileType = wrapper.application; includeInIndex = 0; path = ValueViewer.app; sourceTree = BUILT_PRODUCTS_DIR; };
		1A4854BA1D9D190B00D5CC26 /* AppDelegate.swift */ = {isa = PBXFileReference; lastKnownFileType = sourcecode.swift; path = AppDelegate.swift; sourceTree = "<group>"; };
		1A4854BC1D9D190B00D5CC26 /* ViewController.swift */ = {isa = PBXFileReference; lastKnownFileType = sourcecode.swift; path = ViewController.swift; sourceTree = "<group>"; };
		1A4854BF1D9D190B00D5CC26 /* Base */ = {isa = PBXFileReference; lastKnownFileType = file.storyboard; name = Base; path = Base.lproj/Main.storyboard; sourceTree = "<group>"; };
		1A4854C11D9D190B00D5CC26 /* Assets.xcassets */ = {isa = PBXFileReference; lastKnownFileType = folder.assetcatalog; path = Assets.xcassets; sourceTree = "<group>"; };
		1A4854C41D9D190B00D5CC26 /* Base */ = {isa = PBXFileReference; lastKnownFileType = file.storyboard; name = Base; path = Base.lproj/LaunchScreen.storyboard; sourceTree = "<group>"; };
		1A4854C61D9D190B00D5CC26 /* Info.plist */ = {isa = PBXFileReference; lastKnownFileType = text.plist.xml; path = Info.plist; sourceTree = "<group>"; };
/* End PBXFileReference section */

/* Begin PBXFrameworksBuildPhase section */
		1A4854B41D9D190B00D5CC26 /* Frameworks */ = {
			isa = PBXFrameworksBuildPhase;
			buildActionMask = 2147483647;
			files = (
			);
			runOnlyForDeploymentPostprocessing = 0;
		};
/* End PBXFrameworksBuildPhase section */

/* Begin PBXGroup section */
		1A4854AE1D9D190B00D5CC26 = {
			isa = PBXGroup;
			children = (
				1A4854B91D9D190B00D5CC26 /* ValueViewer */,
				1A4854B81D9D190B00D5CC26 /* Products */,
			);
			sourceTree = "<group>";
		};
		1A4854B81D9D190B00D5CC26 /* Products */ = {
			isa = PBXGroup;
			children = (
				1A4854B71D9D190B00D5CC26 /* ValueViewer.app */,
			);
			name = Products;
			sourceTree = "<group>";
		};
		1A4854B91D9D190B00D5CC26 /* ValueViewer */ = {
			isa = PBXGroup;
			children = (
				1A4854BA1D9D190B00D5CC26 /* AppDelegate.swift */,
				1A4854BC1D9D190B00D5CC26 /* ViewController.swift */,
				1A4854BE1D9D190B00D5CC26 /* Main.storyboard */,
				1A4854C11D9D190B00D5CC26 /* Assets.xcassets */,
				1A4854C31D9D190B00D5CC26 /* LaunchScreen.storyboard */,
				1A4854C61D9D190B00D5CC26 /* Info.plist */,
			);
			path = ValueViewer;
			sourceTree = "<group>";
		};
/* End PBXGroup section */

/* Begin PBXNativeTarget section */
		1A4854B61D9D190B00D5CC26 /* ValueViewer */ = {
			isa = PBXNativeTarget;
			buildConfigurationList = 1A4854C91D9D190B00D5CC26 /* Build configuration list for PBXNativeTarget "ValueViewer" */;
			buildPhases = (
				1A4854B31D9D190B00D5CC26 /* Sources */,
				1A4854B41D9D190B00D5CC26 /* Frameworks */,
				1A4854B51D9D190B00D5CC26 /* Resources */,
			);
			buildRules = (
			);
			dependencies = (
			);
			name = ValueViewer;
			productName = ValueViewer;
			productReference = 1A4854B71D9D190B00D5CC26 /* ValueViewer.app */;
			productType = "com.apple.product-type.application";
		};
/* End PBXNativeTarget section */

/* Begin PBXProject section */
		1A4854AF1D9D190B00D5CC26 /* Project object */ = {
			isa = PBXProject;
			attributes = {
				LastSwiftUpdateCheck = 0800;
				LastUpgradeCheck = 0800;
				ORGANIZATIONNAME = "Keun young Kim";
				TargetAttributes = {
					1A4854B61D9D190B00D5CC26 = {
						CreatedOnToolsVersion = 8.0;
						ProvisioningStyle = Manual;
					};
				};
			};
			buildConfigurationList = 1A4854B21D9D190B00D5CC26 /* Build configuration list for PBXProject "ValueViewer" */;
			compatibilityVersion = "Xcode 3.2";
			developmentRegion = English;
			hasScannedForEncodings = 0;
			knownRegions = (
				en,
				Base,
			);
			mainGroup = 1A4854AE1D9D190B00D5CC26;
			productRefGroup = 1A4854B81D9D190B00D5CC26 /* Products */;
			projectDirPath = "";
			projectRoot = "";
			targets = (
				1A4854B61D9D190B00D5CC26 /* ValueViewer */,
			);
		};
/* End PBXProject section */

/* Begin PBXResourcesBuildPhase section */
		1A4854B51D9D190B00D5CC26 /* Resources */ = {
			isa = PBXResourcesBuildPhase;
			buildActionMask = 2147483647;
			files = (
				1A4854C51D9D190B00D5CC26 /* LaunchScreen.storyboard in Resources */,
				1A4854C21D9D190B00D5CC26 /* Assets.xcassets in Resources */,
				1A4854C01D9D190B00D5CC26 /* Main.storyboard in Resources */,
			);
			runOnlyForDeploymentPostprocessing = 0;
		};
/* End PBXResourcesBuildPhase section */

/* Begin PBXSourcesBuildPhase section */
		1A4854B31D9D190B00D5CC26 /* Sources */ = {
			isa = PBXSourcesBuildPhase;
			buildActionMask = 2147483647;
			files = (
				1A4854BD1D9D190B00D5CC26 /* ViewController.swift in Sources */,
				1A4854BB1D9D190B00D5CC26 /* AppDelegate.swift in Sources */,
			);
			runOnlyForDeploymentPostprocessing = 0;
		};
/* End PBXSourcesBuildPhase section */

/* Begin PBXVariantGroup section */
		1A4854BE1D9D190B00D5CC26 /* Main.storyboard */ = {
			isa = PBXVariantGroup;
			children = (
				1A4854BF1D9D190B00D5CC26 /* Base */,
			);
			name = Main.storyboard;
			sourceTree = "<group>";
		};
		1A4854C31D9D190B00D5CC26 /* LaunchScreen.storyboard */ = {
			isa = PBXVariantGroup;
			children = (
				1A4854C41D9D190B00D5CC26 /* Base */,
			);
			name = LaunchScreen.storyboard;
			sourceTree = "<group>";
		};
/* End PBXVariantGroup section */

/* Begin XCBuildConfiguration section */
		1A4854C71D9D190B00D5CC26 /* Debug */ = {
			isa = XCBuildConfiguration;
			buildSettings = {
				ALWAYS_SEARCH_USER_PATHS = NO;
				CLANG_ANALYZER_NONNULL = YES;
				CLANG_CXX_LANGUAGE_STANDARD = "gnu++0x";
				CLANG_CXX_LIBRARY = "libc++";
				CLANG_ENABLE_MODULES = YES;
				CLANG_ENABLE_OBJC_ARC = YES;
				CLANG_WARN_BOOL_CONVERSION = YES;
				CLANG_WARN_CONSTANT_CONVERSION = YES;
				CLANG_WARN_DIRECT_OBJC_ISA_USAGE = YES_ERROR;
				CLANG_WARN_DOCUMENTATION_COMMENTS = YES;
				CLANG_WARN_EMPTY_BODY = YES;
				CLANG_WARN_ENUM_CONVERSION = YES;
				CLANG_WARN_INFINITE_RECURSION = YES;
				CLANG_WARN_INT_CONVERSION = YES;
				CLANG_WARN_OBJC_ROOT_CLASS = YES_ERROR;
				CLANG_WARN_SUSPICIOUS_MOVES = YES;
				CLANG_WARN_UNREACHABLE_CODE = YES;
				CLANG_WARN__DUPLICATE_METHOD_MATCH = YES;
				"CODE_SIGN_IDENTITY[sdk=iphoneos*]" = "iPhone Developer";
				COPY_PHASE_STRIP = NO;
				DEBUG_INFORMATION_FORMAT = dwarf;
				ENABLE_STRICT_OBJC_MSGSEND = YES;
				ENABLE_TESTABILITY = YES;
				GCC_C_LANGUAGE_STANDARD = gnu99;
				GCC_DYNAMIC_NO_PIC = NO;
				GCC_NO_COMMON_BLOCKS = YES;
				GCC_OPTIMIZATION_LEVEL = 0;
				GCC_PREPROCESSOR_DEFINITIONS = (
					"DEBUG=1",
					"$(inherited)",
				);
				GCC_WARN_64_TO_32_BIT_CONVERSION = YES;
				GCC_WARN_ABOUT_RETURN_TYPE = YES_ERROR;
				GCC_WARN_UNDECLARED_SELECTOR = YES;
				GCC_WARN_UNINITIALIZED_AUTOS = YES_AGGRESSIVE;
				GCC_WARN_UNUSED_FUNCTION = YES;
				GCC_WARN_UNUSED_VARIABLE = YES;
				IPHONEOS_DEPLOYMENT_TARGET = 10.0;
				MTL_ENABLE_DEBUG_INFO = YES;
				ONLY_ACTIVE_ARCH = YES;
				SDKROOT = iphoneos;
				SWIFT_ACTIVE_COMPILATION_CONDITIONS = DEBUG;
				SWIFT_OPTIMIZATION_LEVEL = "-Onone";
				TARGETED_DEVICE_FAMILY = "1,2";
			};
			name = Debug;
		};
		1A4854C81D9D190B00D5CC26 /* Release */ = {
			isa = XCBuildConfiguration;
			buildSettings = {
				ALWAYS_SEARCH_USER_PATHS = NO;
				CLANG_ANALYZER_NONNULL = YES;
				CLANG_CXX_LANGUAGE_STANDARD = "gnu++0x";
				CLANG_CXX_LIBRARY = "libc++";
				CLANG_ENABLE_MODULES = YES;
				CLANG_ENABLE_OBJC_ARC = YES;
				CLANG_WARN_BOOL_CONVERSION = YES;
				CLANG_WARN_CONSTANT_CONVERSION = YES;
				CLANG_WARN_DIRECT_OBJC_ISA_USAGE = YES_ERROR;
				CLANG_WARN_DOCUMENTATION_COMMENTS = YES;
				CLANG_WARN_EMPTY_BODY = YES;
				CLANG_WARN_ENUM_CONVERSION = YES;
				CLANG_WARN_INFINITE_RECURSION = YES;
				CLANG_WARN_INT_CONVERSION = YES;
				CLANG_WARN_OBJC_ROOT_CLASS = YES_ERROR;
				CLANG_WARN_SUSPICIOUS_MOVES = YES;
				CLANG_WARN_UNREACHABLE_CODE = YES;
				CLANG_WARN__DUPLICATE_METHOD_MATCH = YES;
				"CODE_SIGN_IDENTITY[sdk=iphoneos*]" = "iPhone Developer";
				COPY_PHASE_STRIP = NO;
				DEBUG_INFORMATION_FORMAT = "dwarf-with-dsym";
				ENABLE_NS_ASSERTIONS = NO;
				ENABLE_STRICT_OBJC_MSGSEND = YES;
				GCC_C_LANGUAGE_STANDARD = gnu99;
				GCC_NO_COMMON_BLOCKS = YES;
				GCC_WARN_64_TO_32_BIT_CONVERSION = YES;
				GCC_WARN_ABOUT_RETURN_TYPE = YES_ERROR;
				GCC_WARN_UNDECLARED_SELECTOR = YES;
				GCC_WARN_UNINITIALIZED_AUTOS = YES_AGGRESSIVE;
				GCC_WARN_UNUSED_FUNCTION = YES;
				GCC_WARN_UNUSED_VARIABLE = YES;
				IPHONEOS_DEPLOYMENT_TARGET = 10.0;
				MTL_ENABLE_DEBUG_INFO = NO;
				SDKROOT = iphoneos;
				SWIFT_OPTIMIZATION_LEVEL = "-Owholemodule";
				TARGETED_DEVICE_FAMILY = "1,2";
				VALIDATE_PRODUCT = YES;
			};
			name = Release;
		};
		1A4854CA1D9D190B00D5CC26 /* Debug */ = {
			isa = XCBuildConfiguration;
			buildSettings = {
				ASSETCATALOG_COMPILER_APPICON_NAME = AppIcon;
				DEVELOPMENT_TEAM = "";
				INFOPLIST_FILE = ValueViewer/Info.plist;
				LD_RUNPATH_SEARCH_PATHS = "$(inherited) @executable_path/Frameworks";
				PRODUCT_BUNDLE_IDENTIFIER = com.meetkei.ValueViewer;
				PRODUCT_NAME = "$(TARGET_NAME)";
				SWIFT_VERSION = 3.0;
			};
			name = Debug;
		};
		1A4854CB1D9D190B00D5CC26 /* Release */ = {
			isa = XCBuildConfiguration;
			buildSettings = {
				ASSETCATALOG_COMPILER_APPICON_NAME = AppIcon;
				DEVELOPMENT_TEAM = "";
				INFOPLIST_FILE = ValueViewer/Info.plist;
				LD_RUNPATH_SEARCH_PATHS = "$(inherited) @executable_path/Frameworks";
				PRODUCT_BUNDLE_IDENTIFIER = com.meetkei.ValueViewer;
				PRODUCT_NAME = "$(TARGET_NAME)";
				SWIFT_VERSION = 3.0;
			};
			name = Release;
		};
/* End XCBuildConfiguration section */

/* Begin XCConfigurationList section */
		1A4854B21D9D190B00D5CC26 /* Build configuration list for PBXProject "ValueViewer" */ = {
			isa = XCConfigurationList;
			buildConfigurations = (
				1A4854C71D9D190B00D5CC26 /* Debug */,
				1A4854C81D9D190B00D5CC26 /* Release */,
			);
			defaultConfigurationIsVisible = 0;
			defaultConfigurationName = Release;
		};
		1A4854C91D9D190B00D5CC26 /* Build configuration list for PBXNativeTarget "ValueViewer" */ = {
			isa = XCConfigurationList;
			buildConfigurations = (
				1A4854CA1D9D190B00D5CC26 /* Debug */,
				1A4854CB1D9D190B00D5CC26 /* Release */,
			);
			defaultConfigurationIsVisible = 0;
			defaultConfigurationName = Release;
		};
/* End XCConfigurationList section */
	};
	rootObject = 1A4854AF1D9D190B00D5CC26 /* Project object */;
}
